
Microsoft Visual Studio Solution File, Format Version 12.00
# Visual Studio Version 17
VisualStudioVersion = 17.0.31919.166
MinimumVisualStudioVersion = 10.0.40219.1
Project("{2150E333-8FDC-42A3-9474-1A3956D46DE8}") = "ProjectTest", "ProjectTest", "{7DA869D3-81CE-45A8-9B8B-1ACE0277B9AC}"
EndProject
Project("{2150E333-8FDC-42A3-9474-1A3956D46DE8}") = "Project", "Project", "{CB6CBC01-E005-4B34-AD28-8AFDFC4BF154}"
EndProject
Project("{8BC9CEB8-8B4A-11D0-8D11-00A0C91BC942}") = "JCore", "Projects\JCore\Project\JCore.vcxproj", "{16059BC9-855E-4B24-B3E9-C885EC453CEC}"
EndProject
Project("{8BC9CEB8-8B4A-11D0-8D11-00A0C91BC942}") = "JCoreTest", "Projects\JCoreTest\Project\JCoreTest.vcxproj", "{5CE6FAB1-0D87-4FB7-BDFE-B959B47F974E}"
	ProjectSection(ProjectDependencies) = postProject
		{16059BC9-855E-4B24-B3E9-C885EC453CEC} = {16059BC9-855E-4B24-B3E9-C885EC453CEC}
	EndProjectSection
EndProject
Project("{8BC9CEB8-8B4A-11D0-8D11-00A0C91BC942}") = "JNetwork", "Projects\JNetwork\Project\JNetwork.vcxproj", "{5ADBA306-F356-4E21-B037-9EF477DC321E}"
	ProjectSection(ProjectDependencies) = postProject
		{16059BC9-855E-4B24-B3E9-C885EC453CEC} = {16059BC9-855E-4B24-B3E9-C885EC453CEC}
	EndProjectSection
EndProject
Project("{8BC9CEB8-8B4A-11D0-8D11-00A0C91BC942}") = "JNetworkTest", "Projects\JNetworkTest\Project\JNetworkTest.vcxproj", "{0AD5B4F2-6455-4106-A8D3-FD177F2FD00B}"
	ProjectSection(ProjectDependencies) = postProject
		{5ADBA306-F356-4E21-B037-9EF477DC321E} = {5ADBA306-F356-4E21-B037-9EF477DC321E}
	EndProjectSection
EndProject
Project("{2150E333-8FDC-42A3-9474-1A3956D46DE8}") = "Example", "Example", "{DD3E102C-199F-49DB-8032-36B2C2EA926D}"
EndProject
Project("{2150E333-8FDC-42A3-9474-1A3956D46DE8}") = "Engine", "Engine", "{00DE931B-05EC-4784-A6E8-57A80925ECCB}"
EndProject
Project("{8BC9CEB8-8B4A-11D0-8D11-00A0C91BC942}") = "TankFighter-Server", "Projects\TankFighter-Server\Project\TankFighter-Server.vcxproj", "{E55749CA-DA61-497B-BCA9-FC2D764B80EB}"
	ProjectSection(ProjectDependencies) = postProject
		{5ADBA306-F356-4E21-B037-9EF477DC321E} = {5ADBA306-F356-4E21-B037-9EF477DC321E}
	EndProjectSection
EndProject
Project("{8BC9CEB8-8B4A-11D0-8D11-00A0C91BC942}") = "TankFighter-Common", "Projects\TankFighter-Common\Project\TankFighter-Common.vcxproj", "{6F539DD7-E908-4AE4-BDD1-57704B859C70}"
	ProjectSection(ProjectDependencies) = postProject
		{16059BC9-855E-4B24-B3E9-C885EC453CEC} = {16059BC9-855E-4B24-B3E9-C885EC453CEC}
		{5ADBA306-F356-4E21-B037-9EF477DC321E} = {5ADBA306-F356-4E21-B037-9EF477DC321E}
	EndProjectSection
EndProject
Project("{8BC9CEB8-8B4A-11D0-8D11-00A0C91BC942}") = "TankFighter-Client", "Projects\TankFighter-Client\Projects\TankFighter-Client.vcxproj", "{76A39BB2-9B84-4C65-98A5-654D86B86F2A}"
	ProjectSection(ProjectDependencies) = postProject
		{5ADBA306-F356-4E21-B037-9EF477DC321E} = {5ADBA306-F356-4E21-B037-9EF477DC321E}
	EndProjectSection
EndProject
Project("{8BC9CEB8-8B4A-11D0-8D11-00A0C91BC942}") = "libcocos2d", "Projects\TankFighter-Client\cocos2d\cocos\2d\libcocos2d.vcxproj", "{98A51BA8-FC3A-415B-AC8F-8C7BD464E93E}"
EndProject
Project("{8BC9CEB8-8B4A-11D0-8D11-00A0C91BC942}") = "librecast", "Projects\TankFighter-Client\cocos2d\external\recast\proj.win32\librecast.vcxproj", "{41E34993-647E-4282-8384-4AB1AE31A452}"
EndProject
Project("{8BC9CEB8-8B4A-11D0-8D11-00A0C91BC942}") = "libSpine", "Projects\TankFighter-Client\cocos2d\cocos\editor-support\spine\proj.win32\libSpine.vcxproj", "{B7C2A162-DEC9-4418-972E-240AB3CBFCAE}"
EndProject
Project("{2150E333-8FDC-42A3-9474-1A3956D46DE8}") = "ProjectDummy", "ProjectDummy", "{0095E89B-5960-4F51-A0C9-EA9914985B17}"
EndProject
Project("{8BC9CEB8-8B4A-11D0-8D11-00A0C91BC942}") = "JCoreDummy", "Projects\JCoreDummy\Project\JCoreDummy.vcxproj", "{18E7723F-3389-4D0F-9B02-80BF6FDE9809}"
	ProjectSection(ProjectDependencies) = postProject
		{16059BC9-855E-4B24-B3E9-C885EC453CEC} = {16059BC9-855E-4B24-B3E9-C885EC453CEC}
	EndProjectSection
EndProject
Project("{8BC9CEB8-8B4A-11D0-8D11-00A0C91BC942}") = "JNetworkDummy-Client", "Projects\JNetworkDummy-Client\Project\JNetworkDummy-Client.vcxproj", "{D4072F29-4BBA-4686-BD94-73BD73E960F1}"
	ProjectSection(ProjectDependencies) = postProject
		{5ADBA306-F356-4E21-B037-9EF477DC321E} = {5ADBA306-F356-4E21-B037-9EF477DC321E}
	EndProjectSection
EndProject
Project("{8BC9CEB8-8B4A-11D0-8D11-00A0C91BC942}") = "JNetworkDummy-Server", "Projects\JNetworkDummy-Server\Project\JNetworkDummy-Server.vcxproj", "{AF76CC7C-83B4-4B7C-A737-333DCC649CB1}"
	ProjectSection(ProjectDependencies) = postProject
		{5ADBA306-F356-4E21-B037-9EF477DC321E} = {5ADBA306-F356-4E21-B037-9EF477DC321E}
	EndProjectSection
EndProject
Global
	GlobalSection(SolutionConfigurationPlatforms) = preSolution
		Debug|x64 = Debug|x64
		Debug|x86 = Debug|x86
		Release|x64 = Release|x64
		Release|x86 = Release|x86
	EndGlobalSection
	GlobalSection(ProjectConfigurationPlatforms) = postSolution
		{16059BC9-855E-4B24-B3E9-C885EC453CEC}.Debug|x64.ActiveCfg = Debug|x64
		{16059BC9-855E-4B24-B3E9-C885EC453CEC}.Debug|x64.Build.0 = Debug|x64
		{16059BC9-855E-4B24-B3E9-C885EC453CEC}.Debug|x86.ActiveCfg = Debug|Win32
		{16059BC9-855E-4B24-B3E9-C885EC453CEC}.Debug|x86.Build.0 = Debug|Win32
		{16059BC9-855E-4B24-B3E9-C885EC453CEC}.Release|x64.ActiveCfg = Release|x64
		{16059BC9-855E-4B24-B3E9-C885EC453CEC}.Release|x64.Build.0 = Release|x64
		{16059BC9-855E-4B24-B3E9-C885EC453CEC}.Release|x86.ActiveCfg = Release|Win32
		{16059BC9-855E-4B24-B3E9-C885EC453CEC}.Release|x86.Build.0 = Release|Win32
		{5CE6FAB1-0D87-4FB7-BDFE-B959B47F974E}.Debug|x64.ActiveCfg = Debug|x64
		{5CE6FAB1-0D87-4FB7-BDFE-B959B47F974E}.Debug|x86.ActiveCfg = Debug|Win32
		{5CE6FAB1-0D87-4FB7-BDFE-B959B47F974E}.Debug|x86.Build.0 = Debug|Win32
		{5CE6FAB1-0D87-4FB7-BDFE-B959B47F974E}.Release|x64.ActiveCfg = Release|x64
		{5CE6FAB1-0D87-4FB7-BDFE-B959B47F974E}.Release|x86.ActiveCfg = Release|Win32
		{5CE6FAB1-0D87-4FB7-BDFE-B959B47F974E}.Release|x86.Build.0 = Release|Win32
		{5ADBA306-F356-4E21-B037-9EF477DC321E}.Debug|x64.ActiveCfg = Debug|x64
		{5ADBA306-F356-4E21-B037-9EF477DC321E}.Debug|x64.Build.0 = Debug|x64
		{5ADBA306-F356-4E21-B037-9EF477DC321E}.Debug|x86.ActiveCfg = Debug|Win32
		{5ADBA306-F356-4E21-B037-9EF477DC321E}.Debug|x86.Build.0 = Debug|Win32
		{5ADBA306-F356-4E21-B037-9EF477DC321E}.Release|x64.ActiveCfg = Release|x64
		{5ADBA306-F356-4E21-B037-9EF477DC321E}.Release|x64.Build.0 = Release|x64
		{5ADBA306-F356-4E21-B037-9EF477DC321E}.Release|x86.ActiveCfg = Release|Win32
		{5ADBA306-F356-4E21-B037-9EF477DC321E}.Release|x86.Build.0 = Release|Win32
		{0AD5B4F2-6455-4106-A8D3-FD177F2FD00B}.Debug|x64.ActiveCfg = Debug|x64
		{0AD5B4F2-6455-4106-A8D3-FD177F2FD00B}.Debug|x64.Build.0 = Debug|x64
		{0AD5B4F2-6455-4106-A8D3-FD177F2FD00B}.Debug|x86.ActiveCfg = Debug|Win32
		{0AD5B4F2-6455-4106-A8D3-FD177F2FD00B}.Debug|x86.Build.0 = Debug|Win32
		{0AD5B4F2-6455-4106-A8D3-FD177F2FD00B}.Release|x64.ActiveCfg = Release|x64
		{0AD5B4F2-6455-4106-A8D3-FD177F2FD00B}.Release|x64.Build.0 = Release|x64
		{0AD5B4F2-6455-4106-A8D3-FD177F2FD00B}.Release|x86.ActiveCfg = Release|Win32
		{0AD5B4F2-6455-4106-A8D3-FD177F2FD00B}.Release|x86.Build.0 = Release|Win32
		{E55749CA-DA61-497B-BCA9-FC2D764B80EB}.Debug|x64.ActiveCfg = Debug|x64
		{E55749CA-DA61-497B-BCA9-FC2D764B80EB}.Debug|x64.Build.0 = Debug|x64
		{E55749CA-DA61-497B-BCA9-FC2D764B80EB}.Debug|x86.ActiveCfg = Debug|Win32
		{E55749CA-DA61-497B-BCA9-FC2D764B80EB}.Debug|x86.Build.0 = Debug|Win32
		{E55749CA-DA61-497B-BCA9-FC2D764B80EB}.Release|x64.ActiveCfg = Release|x64
		{E55749CA-DA61-497B-BCA9-FC2D764B80EB}.Release|x64.Build.0 = Release|x64
		{E55749CA-DA61-497B-BCA9-FC2D764B80EB}.Release|x86.ActiveCfg = Release|Win32
		{E55749CA-DA61-497B-BCA9-FC2D764B80EB}.Release|x86.Build.0 = Release|Win32
		{6F539DD7-E908-4AE4-BDD1-57704B859C70}.Debug|x64.ActiveCfg = Debug|x64
		{6F539DD7-E908-4AE4-BDD1-57704B859C70}.Debug|x64.Build.0 = Debug|x64
		{6F539DD7-E908-4AE4-BDD1-57704B859C70}.Debug|x86.ActiveCfg = Debug|Win32
		{6F539DD7-E908-4AE4-BDD1-57704B859C70}.Debug|x86.Build.0 = Debug|Win32
		{6F539DD7-E908-4AE4-BDD1-57704B859C70}.Release|x64.ActiveCfg = Release|x64
		{6F539DD7-E908-4AE4-BDD1-57704B859C70}.Release|x64.Build.0 = Release|x64
		{6F539DD7-E908-4AE4-BDD1-57704B859C70}.Release|x86.ActiveCfg = Release|Win32
		{6F539DD7-E908-4AE4-BDD1-57704B859C70}.Release|x86.Build.0 = Release|Win32
		{76A39BB2-9B84-4C65-98A5-654D86B86F2A}.Debug|x64.ActiveCfg = Debug|x64
		{76A39BB2-9B84-4C65-98A5-654D86B86F2A}.Debug|x64.Build.0 = Debug|x64
		{76A39BB2-9B84-4C65-98A5-654D86B86F2A}.Debug|x86.ActiveCfg = Debug|Win32
		{76A39BB2-9B84-4C65-98A5-654D86B86F2A}.Debug|x86.Build.0 = Debug|Win32
		{76A39BB2-9B84-4C65-98A5-654D86B86F2A}.Release|x64.ActiveCfg = Release|x64
		{76A39BB2-9B84-4C65-98A5-654D86B86F2A}.Release|x64.Build.0 = Release|x64
		{76A39BB2-9B84-4C65-98A5-654D86B86F2A}.Release|x86.ActiveCfg = Release|Win32
		{76A39BB2-9B84-4C65-98A5-654D86B86F2A}.Release|x86.Build.0 = Release|Win32
		{98A51BA8-FC3A-415B-AC8F-8C7BD464E93E}.Debug|x64.ActiveCfg = Debug|x64
		{98A51BA8-FC3A-415B-AC8F-8C7BD464E93E}.Debug|x64.Build.0 = Debug|x64
		{98A51BA8-FC3A-415B-AC8F-8C7BD464E93E}.Debug|x86.ActiveCfg = Debug|Win32
		{98A51BA8-FC3A-415B-AC8F-8C7BD464E93E}.Debug|x86.Build.0 = Debug|Win32
		{98A51BA8-FC3A-415B-AC8F-8C7BD464E93E}.Release|x64.ActiveCfg = Release|x64
		{98A51BA8-FC3A-415B-AC8F-8C7BD464E93E}.Release|x64.Build.0 = Release|x64
		{98A51BA8-FC3A-415B-AC8F-8C7BD464E93E}.Release|x86.ActiveCfg = Release|Win32
		{98A51BA8-FC3A-415B-AC8F-8C7BD464E93E}.Release|x86.Build.0 = Release|Win32
		{41E34993-647E-4282-8384-4AB1AE31A452}.Debug|x64.ActiveCfg = Debug|x64
		{41E34993-647E-4282-8384-4AB1AE31A452}.Debug|x64.Build.0 = Debug|x64
		{41E34993-647E-4282-8384-4AB1AE31A452}.Debug|x86.ActiveCfg = Debug|Win32
		{41E34993-647E-4282-8384-4AB1AE31A452}.Debug|x86.Build.0 = Debug|Win32
		{41E34993-647E-4282-8384-4AB1AE31A452}.Release|x64.ActiveCfg = Release|x64
		{41E34993-647E-4282-8384-4AB1AE31A452}.Release|x64.Build.0 = Release|x64
		{41E34993-647E-4282-8384-4AB1AE31A452}.Release|x86.ActiveCfg = Release|Win32
		{41E34993-647E-4282-8384-4AB1AE31A452}.Release|x86.Build.0 = Release|Win32
		{B7C2A162-DEC9-4418-972E-240AB3CBFCAE}.Debug|x64.ActiveCfg = Debug|x64
		{B7C2A162-DEC9-4418-972E-240AB3CBFCAE}.Debug|x64.Build.0 = Debug|x64
		{B7C2A162-DEC9-4418-972E-240AB3CBFCAE}.Debug|x86.ActiveCfg = Debug|Win32
		{B7C2A162-DEC9-4418-972E-240AB3CBFCAE}.Debug|x86.Build.0 = Debug|Win32
		{B7C2A162-DEC9-4418-972E-240AB3CBFCAE}.Release|x64.ActiveCfg = Release|x64
		{B7C2A162-DEC9-4418-972E-240AB3CBFCAE}.Release|x64.Build.0 = Release|x64
		{B7C2A162-DEC9-4418-972E-240AB3CBFCAE}.Release|x86.ActiveCfg = Release|Win32
		{B7C2A162-DEC9-4418-972E-240AB3CBFCAE}.Release|x86.Build.0 = Release|Win32
		{18E7723F-3389-4D0F-9B02-80BF6FDE9809}.Debug|x64.ActiveCfg = Debug|x64
		{18E7723F-3389-4D0F-9B02-80BF6FDE9809}.Debug|x64.Build.0 = Debug|x64
		{18E7723F-3389-4D0F-9B02-80BF6FDE9809}.Debug|x86.ActiveCfg = Debug|Win32
		{18E7723F-3389-4D0F-9B02-80BF6FDE9809}.Debug|x86.Build.0 = Debug|Win32
		{18E7723F-3389-4D0F-9B02-80BF6FDE9809}.Release|x64.ActiveCfg = Release|x64
		{18E7723F-3389-4D0F-9B02-80BF6FDE9809}.Release|x64.Build.0 = Release|x64
		{18E7723F-3389-4D0F-9B02-80BF6FDE9809}.Release|x86.ActiveCfg = Release|Win32
		{18E7723F-3389-4D0F-9B02-80BF6FDE9809}.Release|x86.Build.0 = Release|Win32
		{D4072F29-4BBA-4686-BD94-73BD73E960F1}.Debug|x64.ActiveCfg = Debug|x64
		{D4072F29-4BBA-4686-BD94-73BD73E960F1}.Debug|x64.Build.0 = Debug|x64
		{D4072F29-4BBA-4686-BD94-73BD73E960F1}.Debug|x86.ActiveCfg = Debug|Win32
		{D4072F29-4BBA-4686-BD94-73BD73E960F1}.Debug|x86.Build.0 = Debug|Win32
		{D4072F29-4BBA-4686-BD94-73BD73E960F1}.Release|x64.ActiveCfg = Release|x64
		{D4072F29-4BBA-4686-BD94-73BD73E960F1}.Release|x64.Build.0 = Release|x64
		{D4072F29-4BBA-4686-BD94-73BD73E960F1}.Release|x86.ActiveCfg = Release|Win32
		{D4072F29-4BBA-4686-BD94-73BD73E960F1}.Release|x86.Build.0 = Release|Win32
		{AF76CC7C-83B4-4B7C-A737-333DCC649CB1}.Debug|x64.ActiveCfg = Debug|x64
		{AF76CC7C-83B4-4B7C-A737-333DCC649CB1}.Debug|x64.Build.0 = Debug|x64
		{AF76CC7C-83B4-4B7C-A737-333DCC649CB1}.Debug|x86.ActiveCfg = Debug|Win32
		{AF76CC7C-83B4-4B7C-A737-333DCC649CB1}.Debug|x86.Build.0 = Debug|Win32
		{AF76CC7C-83B4-4B7C-A737-333DCC649CB1}.Release|x64.ActiveCfg = Release|x64
		{AF76CC7C-83B4-4B7C-A737-333DCC649CB1}.Release|x64.Build.0 = Release|x64
		{AF76CC7C-83B4-4B7C-A737-333DCC649CB1}.Release|x86.ActiveCfg = Release|Win32
		{AF76CC7C-83B4-4B7C-A737-333DCC649CB1}.Release|x86.Build.0 = Release|Win32
	EndGlobalSection
	GlobalSection(SolutionProperties) = preSolution
		HideSolutionNode = FALSE
	EndGlobalSection
	GlobalSection(NestedProjects) = preSolution
		{16059BC9-855E-4B24-B3E9-C885EC453CEC} = {CB6CBC01-E005-4B34-AD28-8AFDFC4BF154}
		{5CE6FAB1-0D87-4FB7-BDFE-B959B47F974E} = {7DA869D3-81CE-45A8-9B8B-1ACE0277B9AC}
		{5ADBA306-F356-4E21-B037-9EF477DC321E} = {CB6CBC01-E005-4B34-AD28-8AFDFC4BF154}
		{0AD5B4F2-6455-4106-A8D3-FD177F2FD00B} = {7DA869D3-81CE-45A8-9B8B-1ACE0277B9AC}
		{E55749CA-DA61-497B-BCA9-FC2D764B80EB} = {DD3E102C-199F-49DB-8032-36B2C2EA926D}
		{6F539DD7-E908-4AE4-BDD1-57704B859C70} = {DD3E102C-199F-49DB-8032-36B2C2EA926D}
		{76A39BB2-9B84-4C65-98A5-654D86B86F2A} = {DD3E102C-199F-49DB-8032-36B2C2EA926D}
		{98A51BA8-FC3A-415B-AC8F-8C7BD464E93E} = {00DE931B-05EC-4784-A6E8-57A80925ECCB}
		{41E34993-647E-4282-8384-4AB1AE31A452} = {00DE931B-05EC-4784-A6E8-57A80925ECCB}
		{B7C2A162-DEC9-4418-972E-240AB3CBFCAE} = {00DE931B-05EC-4784-A6E8-57A80925ECCB}
		{18E7723F-3389-4D0F-9B02-80BF6FDE9809} = {0095E89B-5960-4F51-A0C9-EA9914985B17}
		{D4072F29-4BBA-4686-BD94-73BD73E960F1} = {0095E89B-5960-4F51-A0C9-EA9914985B17}
		{AF76CC7C-83B4-4B7C-A737-333DCC649CB1} = {0095E89B-5960-4F51-A0C9-EA9914985B17}
	EndGlobalSection
	GlobalSection(ExtensibilityGlobals) = postSolution
		SolutionGuid = {8C994231-C2E1-4E94-8705-982F33CCBE70}
	EndGlobalSection
EndGlobal
