<?xml version="1.0" encoding="utf-8"?>
<Project ToolsVersion="4.0" xmlns="http://schemas.microsoft.com/developer/msbuild/2003">
  <ItemGroup>
    <ClInclude Include="..\Sources\SteinsGate\Common\Server.h" />
    <ClInclude Include="..\Sources\SteinsGate\Common\MysqlDatabase.h">
      <Filter>Database</Filter>
    </ClInclude>
    <ClInclude Include="..\Sources\SteinsGate\Common\MysqlQuery.h">
      <Filter>Database</Filter>
    </ClInclude>
    <ClInclude Include="..\Sources\SteinsGate\Common\MysqlStatementBuilder.h">
      <Filter>Database</Filter>
    </ClInclude>
    <ClInclude Include="..\Sources\SteinsGate\Common\StatementType.h">
      <Filter>Database</Filter>
    </ClInclude>
    <ClInclude Include="..\Sources\SteinsGate\Common\MysqlConnection.h">
      <Filter>Database</Filter>
    </ClInclude>
    <ClInclude Include="..\Sources\SteinsGate\Common\MysqlConnectionPool.h">
      <Filter>Database</Filter>
    </ClInclude>
    <ClInclude Include="..\Sources\SteinsGate\Common\ServerCore.h" />
    <ClInclude Include="..\Sources\SteinsGate\Common\ServerCoreHeader.h" />
    <ClInclude Include="..\Sources\SteinsGate\Common\S_SETUP_IS_COMMON.h">
      <Filter>Net\Send</Filter>
    </ClInclude>
    <ClInclude Include="..\Sources\SteinsGate\Common\R_SETUP_COMMON.h">
      <Filter>Net\Recv</Filter>
    </ClInclude>
    <ClInclude Include="..\Sources\SteinsGate\Common\CommonNetGroup.h">
      <Filter>Net</Filter>
    </ClInclude>
    <ClInclude Include="..\Sources\SteinsGate\Common\CommonNetMaster.h">
      <Filter>Net</Filter>
    </ClInclude>
    <ClInclude Include="..\Sources\SteinsGate\Common\CmdHost.h">
      <Filter>Net\Cmd</Filter>
    </ClInclude>
    <ClInclude Include="..\Sources\SteinsGate\Common\ListenerServerCommon.h">
      <Filter>Net\Listener</Filter>
    </ClInclude>
    <ClInclude Include="..\Sources\SteinsGate\Common\ListenerClientCommon.h">
      <Filter>Net\Listener</Filter>
    </ClInclude>
    <ClInclude Include="..\Sources\SteinsGate\Common\QueryDefine.h">
      <Filter>Database</Filter>
    </ClInclude>
    <ClInclude Include="..\Sources\SteinsGate\Common\QueryDefine_AUTH.h">
      <Filter>Database</Filter>
    </ClInclude>
    <ClInclude Include="..\Sources\SteinsGate\Common\ServerNamespace.h" />
    <ClInclude Include="..\Sources\SteinsGate\Common\InterServerClientNetGroup.h">
      <Filter>Net</Filter>
    </ClInclude>
    <ClInclude Include="..\Sources\SteinsGate\Common\InterServerSendHelper.h">
      <Filter>Net</Filter>
    </ClInclude>
    <ClInclude Include="..\Sources\SteinsGate\Common\InterServerCmdDefine.h">
      <Filter>Net\Cmd</Filter>
    </ClInclude>
    <ClInclude Include="..\Sources\SteinsGate\Common\InterServerRecvHelper.h">
      <Filter>Net</Filter>
    </ClInclude>
    <ClInclude Include="..\Sources\SteinsGate\Common\CmdRelay.h">
      <Filter>Net\Cmd</Filter>
    </ClInclude>
    <ClInclude Include="..\Sources\SteinsGate\Common\TimeManager.h">
      <Filter>Net</Filter>
    </ClInclude>
    <ClInclude Include="..\Sources\SteinsGate\Common\QueryHelper.h">
      <Filter>Database</Filter>
    </ClInclude>
    <ClInclude Include="..\Sources\SteinsGate\Common\CLIListenerCommon.h">
      <Filter>System</Filter>
    </ClInclude>
    <ClInclude Include="..\Sources\SteinsGate\Common\RuntimeConfigCommon.h">
      <Filter>System</Filter>
    </ClInclude>
    <ClInclude Include="..\Sources\SteinsGate\Common\ListenerHelperCommon.h">
      <Filter>Net\Listener</Filter>
    </ClInclude>
    <ClInclude Include="..\Sources\SteinsGate\Common\ListenerInterServerClient.h">
      <Filter>Net\Listener</Filter>
    </ClInclude>
    <ClInclude Include="..\Sources\SteinsGate\Common\IComponent.h">
      <Filter>Base</Filter>
    </ClInclude>
    <ClInclude Include="..\Sources\SteinsGate\Common\IUpdatable.h">
      <Filter>Base</Filter>
    </ClInclude>
    <ClInclude Include="..\Sources\SteinsGate\Common\UpdatableCollection.h">
      <Filter>Base</Filter>
    </ClInclude>
    <ClInclude Include="..\Sources\SteinsGate\Common\CommonServer.h">
      <Filter>Net\Host</Filter>
    </ClInclude>
    <ClInclude Include="..\Sources\SteinsGate\Common\ServerContents.h">
      <Filter>Contents</Filter>
    </ClInclude>
    <ClInclude Include="..\Sources\SteinsGate\Common\ServerEnum.h">
      <Filter>Enum</Filter>
    </ClInclude>
    <ClInclude Include="..\Sources\SteinsGate\Common\ServerConst.h">
      <Filter>Const</Filter>
    </ClInclude>
    <ClInclude Include="..\Sources\SteinsGate\Common\ServerConst_PROCESS.h">
      <Filter>Const</Filter>
    </ClInclude>
    <ClInclude Include="..\Sources\SteinsGate\Common\ServerConst_NETGROUP.h">
      <Filter>Const</Filter>
    </ClInclude>
    <ClInclude Include="..\Sources\SteinsGate\Common\ServerConst_HOST.h">
      <Filter>Const</Filter>
    </ClInclude>
    <ClInclude Include="..\Sources\SteinsGate\Common\CommonSession.h">
      <Filter>Net\Host</Filter>
    </ClInclude>
    <ClInclude Include="..\Sources\SteinsGate\Common\ComponentCollection.h">
      <Filter>Base</Filter>
    </ClInclude>
    <ClInclude Include="..\Sources\SteinsGate\Common\ServerConst_COMPONENT.h">
      <Filter>Const</Filter>
    </ClInclude>
    <ClInclude Include="..\Sources\SteinsGate\Common\AuthenticationComponent.h">
      <Filter>Component</Filter>
    </ClInclude>
    <ClInclude Include="..\Sources\SteinsGate\Common\UnauthenticatedSessionManager.h">
      <Filter>Contents</Filter>
    </ClInclude>
    <ClInclude Include="..\Sources\SteinsGate\Common\ServerType.h" />
    <ClInclude Include="..\Sources\SteinsGate\Common\CmdHost_PING.h">
      <Filter>Net\Cmd</Filter>
    </ClInclude>
    <ClInclude Include="..\Sources\SteinsGate\Common\CmdHost_SETUP.h">
      <Filter>Net\Cmd</Filter>
    </ClInclude>
    <ClInclude Include="..\Sources\SteinsGate\Common\CmdHost_MESSAGE.h">
      <Filter>Net\Cmd</Filter>
    </ClInclude>
    <ClInclude Include="..\Sources\SteinsGate\Common\CmdRelay_AUTHENTICATION.h">
      <Filter>Net\Cmd</Filter>
    </ClInclude>
    <ClInclude Include="..\Sources\SteinsGate\Common\SessionComponent.h">
      <Filter>Base</Filter>
    </ClInclude>
    <ClInclude Include="..\Sources\SteinsGate\Common\ISessionEventHandler.h">
      <Filter>Base</Filter>
    </ClInclude>
    <ClInclude Include="..\Sources\SteinsGate\Common\CmdRelay_TEST.h">
      <Filter>Net\Cmd</Filter>
    </ClInclude>
    <ClInclude Include="..\Sources\SteinsGate\Common\R_PING_COMMON.h">
      <Filter>Net\Recv</Filter>
    </ClInclude>
    <ClInclude Include="..\Sources\SteinsGate\Common\R_MESSAGE_COMMON.h">
      <Filter>Net\Recv</Filter>
    </ClInclude>
    <ClInclude Include="..\Sources\SteinsGate\Common\R_TEST_COMMON.h">
      <Filter>Net\Recv</Filter>
    </ClInclude>
    <ClInclude Include="..\Sources\SteinsGate\Common\S_TEST_IS_COMMON.h">
      <Filter>Net\Send</Filter>
    </ClInclude>
    <ClInclude Include="..\Sources\SteinsGate\Common\S_MESSAGE_IS_COMMON.h">
      <Filter>Net\Send</Filter>
    </ClInclude>
    <ClInclude Include="..\Sources\SteinsGate\Common\S_PING_IS_COMMON.h">
      <Filter>Net\Send</Filter>
    </ClInclude>
    <ClInclude Include="..\Sources\SteinsGate\Common\S_MESSAGE_COMMON.h">
      <Filter>Net\Send</Filter>
    </ClInclude>
  </ItemGroup>
  <ItemGroup>
    <ClCompile Include="..\Sources\SteinsGate\Common\Server.cpp" />
    <ClCompile Include="..\Sources\SteinsGate\Common\MysqlQuery.cpp">
      <Filter>Database</Filter>
    </ClCompile>
    <ClCompile Include="..\Sources\SteinsGate\Common\MysqlConnection.cpp">
      <Filter>Database</Filter>
    </ClCompile>
    <ClCompile Include="..\Sources\SteinsGate\Common\MysqlConnectionPool.cpp">
      <Filter>Database</Filter>
    </ClCompile>
    <ClCompile Include="..\Sources\SteinsGate\Common\MysqlDatabase.cpp">
      <Filter>Database</Filter>
    </ClCompile>
    <ClCompile Include="..\Sources\SteinsGate\Common\ServerCore.cpp" />
    <ClCompile Include="..\Sources\SteinsGate\Common\MysqlStatementBuilder.cpp">
      <Filter>Database</Filter>
    </ClCompile>
    <ClCompile Include="..\Sources\SteinsGate\Common\S_SETUP_IS_COMMON.cpp">
      <Filter>Net\Send</Filter>
    </ClCompile>
    <ClCompile Include="..\Sources\SteinsGate\Common\R_SETUP_COMMON.cpp">
      <Filter>Net\Recv</Filter>
    </ClCompile>
    <ClCompile Include="..\Sources\SteinsGate\Common\CommonNetGroup.cpp">
      <Filter>Net</Filter>
    </ClCompile>
    <ClCompile Include="..\Sources\SteinsGate\Common\CommonNetMaster.cpp">
      <Filter>Net</Filter>
    </ClCompile>
    <ClCompile Include="..\Sources\SteinsGate\Common\ListenerServerCommon.cpp">
      <Filter>Net\Listener</Filter>
    </ClCompile>
    <ClCompile Include="..\Sources\SteinsGate\Common\ListenerClientCommon.cpp">
      <Filter>Net\Listener</Filter>
    </ClCompile>
    <ClCompile Include="..\Sources\SteinsGate\Common\InterServerClientNetGroup.cpp">
      <Filter>Net</Filter>
    </ClCompile>
    <ClCompile Include="..\Sources\SteinsGate\Common\InterServerSendHelper.cpp">
      <Filter>Net</Filter>
    </ClCompile>
    <ClCompile Include="..\Sources\SteinsGate\Common\InterServerRecvHelper.cpp">
      <Filter>Net</Filter>
    </ClCompile>
    <ClCompile Include="..\Sources\SteinsGate\Common\TimeManager.cpp">
      <Filter>Net</Filter>
    </ClCompile>
    <ClCompile Include="..\Sources\SteinsGate\Common\CLIListenerCommon.cpp">
      <Filter>System</Filter>
    </ClCompile>
    <ClCompile Include="..\Sources\SteinsGate\Common\RuntimeConfigCommon.cpp">
      <Filter>System</Filter>
    </ClCompile>
    <ClCompile Include="..\Sources\SteinsGate\Common\ListenerHelperCommon.cpp">
      <Filter>Net\Listener</Filter>
    </ClCompile>
    <ClCompile Include="..\Sources\SteinsGate\Common\ListenerInterServerClient.cpp">
      <Filter>Net\Listener</Filter>
    </ClCompile>
    <ClCompile Include="..\Sources\SteinsGate\Common\UpdatableCollection.cpp">
      <Filter>Base</Filter>
    </ClCompile>
    <ClCompile Include="..\Sources\SteinsGate\Common\CommonServer.cpp">
      <Filter>Net\Host</Filter>
    </ClCompile>
    <ClCompile Include="..\Sources\SteinsGate\Common\ServerContents.cpp">
      <Filter>Contents</Filter>
    </ClCompile>
    <ClCompile Include="..\Sources\SteinsGate\Common\ServerEnum.cpp">
      <Filter>Enum</Filter>
    </ClCompile>
    <ClCompile Include="..\Sources\SteinsGate\Common\CommonSession.cpp">
      <Filter>Net\Host</Filter>
    </ClCompile>
    <ClCompile Include="..\Sources\SteinsGate\Common\ComponentCollection.cpp">
      <Filter>Base</Filter>
    </ClCompile>
    <ClCompile Include="..\Sources\SteinsGate\Common\AuthenticationComponent.cpp">
      <Filter>Component</Filter>
    </ClCompile>
    <ClCompile Include="..\Sources\SteinsGate\Common\UnauthenticatedSessionManager.cpp">
      <Filter>Contents</Filter>
    </ClCompile>
    <ClCompile Include="..\Sources\SteinsGate\Common\SessionComponent.cpp">
      <Filter>Base</Filter>
    </ClCompile>
    <ClCompile Include="..\Sources\SteinsGate\Common\R_PING_COMMON.cpp">
      <Filter>Net\Recv</Filter>
    </ClCompile>
    <ClCompile Include="..\Sources\SteinsGate\Common\R_MESSAGE_COMMON.cpp">
      <Filter>Net\Recv</Filter>
    </ClCompile>
    <ClCompile Include="..\Sources\SteinsGate\Common\R_TEST_COMMON.cpp">
      <Filter>Net\Recv</Filter>
    </ClCompile>
    <ClCompile Include="..\Sources\SteinsGate\Common\S_TEST_IS_COMMON.cpp">
      <Filter>Net\Send</Filter>
    </ClCompile>
    <ClCompile Include="..\Sources\SteinsGate\Common\S_MESSAGE_IS_COMMON.cpp">
      <Filter>Net\Send</Filter>
    </ClCompile>
    <ClCompile Include="..\Sources\SteinsGate\Common\S_PING_IS_COMMON.cpp">
      <Filter>Net\Send</Filter>
    </ClCompile>
    <ClCompile Include="..\Sources\SteinsGate\Common\S_MESSAGE_COMMON.cpp">
      <Filter>Net\Send</Filter>
    </ClCompile>
  </ItemGroup>
  <ItemGroup>
    <Filter Include="Database">
      <UniqueIdentifier>{b67e8325-f0df-4416-9a2c-c3994194080e}</UniqueIdentifier>
    </Filter>
    <Filter Include="Net">
      <UniqueIdentifier>{49b73bd5-7afb-4461-b558-0644e505ebff}</UniqueIdentifier>
    </Filter>
    <Filter Include="System">
      <UniqueIdentifier>{47a75455-218d-4948-bee5-5a8abccab001}</UniqueIdentifier>
    </Filter>
    <Filter Include="Net\Recv">
      <UniqueIdentifier>{7d6217ad-83c2-431a-b2c7-71c666320a1c}</UniqueIdentifier>
    </Filter>
    <Filter Include="Net\Send">
      <UniqueIdentifier>{6b1f231b-af01-479d-8ae0-4738e1d223af}</UniqueIdentifier>
    </Filter>
    <Filter Include="Net\Cmd">
      <UniqueIdentifier>{26966038-820f-486e-9eab-255c8f6394ec}</UniqueIdentifier>
    </Filter>
    <Filter Include="Net\Listener">
      <UniqueIdentifier>{c33adf12-f613-4b94-95f7-fdd3446da358}</UniqueIdentifier>
    </Filter>
    <Filter Include="Base">
      <UniqueIdentifier>{e6d8fe09-415a-4176-8d54-77235b91080c}</UniqueIdentifier>
    </Filter>
    <Filter Include="Net\Host">
      <UniqueIdentifier>{1276ae53-d126-4fe3-943e-41b0bf69f0f2}</UniqueIdentifier>
    </Filter>
    <Filter Include="Contents">
      <UniqueIdentifier>{9c30e36e-d7bf-4f68-9df8-a1fc168a182f}</UniqueIdentifier>
    </Filter>
    <Filter Include="Const">
      <UniqueIdentifier>{2f5494b8-ae54-445c-a598-9e6457f835fb}</UniqueIdentifier>
    </Filter>
    <Filter Include="Enum">
      <UniqueIdentifier>{84690f22-67e2-430f-94ef-504880346a34}</UniqueIdentifier>
    </Filter>
    <Filter Include="Component">
      <UniqueIdentifier>{c7afc042-9e6c-4936-b9bf-debc998d46a8}</UniqueIdentifier>
    </Filter>
  </ItemGroup>
</Project>