<?xml version="1.0" encoding="utf-8"?>
<Project ToolsVersion="4.0" xmlns="http://schemas.microsoft.com/developer/msbuild/2003">
  <ItemGroup>
    <ClCompile Include="..\Sources\JNetwork\Network.cpp" />
    <ClCompile Include="..\Sources\JNetwork\IPAddress.cpp" />
    <ClCompile Include="..\Sources\JNetwork\IPEndPoint.cpp" />
    <ClCompile Include="..\Sources\JNetwork\Socket.cpp" />
    <ClCompile Include="..\Sources\JNetwork\Winsock.cpp" />
    <ClCompile Include="..\Sources\JNetwork\Host\TcpServer.cpp">
      <Filter>Host</Filter>
    </ClCompile>
    <ClCompile Include="..\Sources\JNetwork\Host\Session.cpp">
      <Filter>Host</Filter>
    </ClCompile>
    <ClCompile Include="..\Sources\JNetwork\Host\SessionContainer.cpp">
      <Filter>Host</Filter>
    </ClCompile>
    <ClCompile Include="..\Sources\JNetwork\IOCP\IOCP.cpp">
      <Filter>IOCP</Filter>
    </ClCompile>
    <ClCompile Include="..\Sources\JNetwork\IOCP\IOCPWorker.cpp">
      <Filter>IOCP</Filter>
    </ClCompile>
    <ClCompile Include="..\Sources\JNetwork\Host\TcpClient.cpp">
      <Filter>Host</Filter>
    </ClCompile>
    <ClCompile Include="..\Sources\JNetwork\IOCP\IOCPPostOrder.cpp">
      <Filter>IOCP</Filter>
    </ClCompile>
    <ClCompile Include="..\Sources\JNetwork\IOCPOverlapped\IOCPOverlappedAccept.cpp">
      <Filter>IOCPOverlapped</Filter>
    </ClCompile>
    <ClCompile Include="..\Sources\JNetwork\IOCPOverlapped\IOCPOverlappedConnect.cpp">
      <Filter>IOCPOverlapped</Filter>
    </ClCompile>
    <ClCompile Include="..\Sources\JNetwork\IOCPOverlapped\IOCPOverlappedRecv.cpp">
      <Filter>IOCPOverlapped</Filter>
    </ClCompile>
    <ClCompile Include="..\Sources\JNetwork\IOCPOverlapped\IOCPOverlappedSend.cpp">
      <Filter>IOCPOverlapped</Filter>
    </ClCompile>
    <ClCompile Include="..\Sources\JNetwork\IOCPOverlapped\IOCPOverlapped.cpp">
      <Filter>IOCPOverlapped</Filter>
    </ClCompile>
    <ClCompile Include="..\Sources\JNetwork\IOCPOverlapped\IOCPOverlappedDisconnect.cpp">
      <Filter>IOCPOverlapped</Filter>
    </ClCompile>
    <ClCompile Include="..\Sources\JNetwork\Host\UdpClient.cpp">
      <Filter>Host</Filter>
    </ClCompile>
    <ClCompile Include="..\Sources\JNetwork\IOCPOverlapped\IOCPOverlappedSendTo.cpp">
      <Filter>IOCPOverlapped</Filter>
    </ClCompile>
    <ClCompile Include="..\Sources\JNetwork\IOCPOverlapped\IOCPOverlappedRecvFrom.cpp">
      <Filter>IOCPOverlapped</Filter>
    </ClCompile>
    <ClCompile Include="..\Sources\JNetwork\Host\Host.cpp">
      <Filter>Host</Filter>
    </ClCompile>
    <ClCompile Include="..\Sources\JNetwork\NetMaster.cpp" />
    <ClCompile Include="..\Sources\JNetwork\Host\TcpSession.cpp">
      <Filter>Host</Filter>
    </ClCompile>
    <ClCompile Include="..\Sources\JNetwork\Buffer\CommandBuffer.cpp">
      <Filter>Buffer</Filter>
    </ClCompile>
    <ClCompile Include="..\Sources\JNetwork\Packet\SendPacket.cpp">
      <Filter>Packet</Filter>
    </ClCompile>
    <ClCompile Include="..\Sources\JNetwork\NetGroup.cpp" />
    <ClCompile Include="..\Sources\JNetwork\Packet\CommandParser.cpp">
      <Filter>Packet</Filter>
    </ClCompile>
    <ClCompile Include="..\Sources\JNetwork\NetLoggerDefine.cpp" />
    <ClCompile Include="..\Sources\JNetwork\Packet\SendHelper.cpp">
      <Filter>Packet</Filter>
    </ClCompile>
  </ItemGroup>
  <ItemGroup>
    <ClInclude Include="..\Sources\JNetwork\Network.h" />
    <ClInclude Include="..\Sources\JNetwork\IPEndPoint.h" />
    <ClInclude Include="..\Sources\JNetwork\IPAddress.h" />
    <ClInclude Include="..\Sources\JNetwork\Protocol.h" />
    <ClInclude Include="..\Sources\JNetwork\Socket.h" />
    <ClInclude Include="..\Sources\JNetwork\ByteOrder.h" />
    <ClInclude Include="..\Sources\JNetwork\Winsock.h" />
    <ClInclude Include="..\Sources\JNetwork\Host\TcpServer.h">
      <Filter>Host</Filter>
    </ClInclude>
    <ClInclude Include="..\Sources\JNetwork\Host\SessionContainer.h">
      <Filter>Host</Filter>
    </ClInclude>
    <ClInclude Include="..\Sources\JNetwork\Host\Server.h">
      <Filter>Host</Filter>
    </ClInclude>
    <ClInclude Include="..\Sources\JNetwork\IOCP\IOCPWorker.h">
      <Filter>IOCP</Filter>
    </ClInclude>
    <ClInclude Include="..\Sources\JNetwork\IOCP\IOCP.h">
      <Filter>IOCP</Filter>
    </ClInclude>
    <ClInclude Include="..\Sources\JNetwork\Host\TcpClient.h">
      <Filter>Host</Filter>
    </ClInclude>
    <ClInclude Include="..\Sources\JNetwork\IOCP\IOCPPostOrder.h">
      <Filter>IOCP</Filter>
    </ClInclude>
    <ClInclude Include="..\Sources\JNetwork\Worker.h" />
    <ClInclude Include="..\Sources\JNetwork\WorkerGroup.h" />
    <ClInclude Include="..\Sources\JNetwork\IOCPOverlapped\IOCPOverlappedAccept.h">
      <Filter>IOCPOverlapped</Filter>
    </ClInclude>
    <ClInclude Include="..\Sources\JNetwork\IOCPOverlapped\IOCPOverlappedConnect.h">
      <Filter>IOCPOverlapped</Filter>
    </ClInclude>
    <ClInclude Include="..\Sources\JNetwork\IOCPOverlapped\IOCPOverlappedRecv.h">
      <Filter>IOCPOverlapped</Filter>
    </ClInclude>
    <ClInclude Include="..\Sources\JNetwork\IOCPOverlapped\IOCPOverlappedSend.h">
      <Filter>IOCPOverlapped</Filter>
    </ClInclude>
    <ClInclude Include="..\Sources\JNetwork\IOCPOverlapped\IOCPOverlapped.h">
      <Filter>IOCPOverlapped</Filter>
    </ClInclude>
    <ClInclude Include="..\Sources\JNetwork\IOCPOverlapped\IOCPOverlappedDisconnect.h">
      <Filter>IOCPOverlapped</Filter>
    </ClInclude>
    <ClInclude Include="..\Sources\JNetwork\Namespace.h" />
    <ClInclude Include="..\Sources\JNetwork\Buffer\BufferAbstract.h">
      <Filter>Buffer</Filter>
    </ClInclude>
    <ClInclude Include="..\Sources\JNetwork\Buffer\StaticBuffer.h">
      <Filter>Buffer</Filter>
    </ClInclude>
    <ClInclude Include="..\Sources\JNetwork\Host\Session.h">
      <Filter>Host</Filter>
    </ClInclude>
    <ClInclude Include="..\Sources\JNetwork\Host\TcpSession.h">
      <Filter>Host</Filter>
    </ClInclude>
    <ClInclude Include="..\Sources\JNetwork\Buffer\CommandBuffer.h">
      <Filter>Buffer</Filter>
    </ClInclude>
    <ClInclude Include="..\Sources\JNetwork\Host\UdpClient.h">
      <Filter>Host</Filter>
    </ClInclude>
    <ClInclude Include="..\Sources\JNetwork\IOCPOverlapped\IOCPOverlappedSendTo.h">
      <Filter>IOCPOverlapped</Filter>
    </ClInclude>
    <ClInclude Include="..\Sources\JNetwork\IOCPOverlapped\IOCPOverlappedRecvFrom.h">
      <Filter>IOCPOverlapped</Filter>
    </ClInclude>
    <ClInclude Include="..\Sources\JNetwork\Host\Host.h">
      <Filter>Host</Filter>
    </ClInclude>
    <ClInclude Include="..\Sources\JNetwork\NetMaster.h" />
    <ClInclude Include="..\Sources\JNetwork\EventListener\SessionEventListener.h">
      <Filter>EventListener</Filter>
    </ClInclude>
    <ClInclude Include="..\Sources\JNetwork\EventListener\TcpServerEventListener.h">
      <Filter>EventListener</Filter>
    </ClInclude>
    <ClInclude Include="..\Sources\JNetwork\EventListener\ClientEventListener.h">
      <Filter>EventListener</Filter>
    </ClInclude>
    <ClInclude Include="..\Sources\JNetwork\Packet\SendPacket.h">
      <Filter>Packet</Filter>
    </ClInclude>
    <ClInclude Include="..\Sources\JNetwork\Packet\RecvPacket.h">
      <Filter>Packet</Filter>
    </ClInclude>
    <ClInclude Include="..\Sources\JNetwork\Packet\Command.h">
      <Filter>Packet</Filter>
    </ClInclude>
    <ClInclude Include="..\Sources\JNetwork\NetGroup.h" />
    <ClInclude Include="..\Sources\JNetwork\Packet\CommandParser.h">
      <Filter>Packet</Filter>
    </ClInclude>
    <ClInclude Include="..\Sources\JNetwork\NetLoggerDefine.h" />
    <ClInclude Include="..\Sources\JNetwork\IOCP\IOCPTask.h">
      <Filter>IOCP</Filter>
    </ClInclude>
    <ClInclude Include="..\Sources\JNetwork\IOCPOverlapped\IOCPOverlappedTask.h">
      <Filter>IOCPOverlapped</Filter>
    </ClInclude>
    <ClInclude Include="..\Sources\JNetwork\Packet\SendHelper.h">
      <Filter>Packet</Filter>
    </ClInclude>
  </ItemGroup>
  <ItemGroup>
    <Filter Include="Host">
      <UniqueIdentifier>{c5acf45c-4f39-40a4-ba4b-5317d30049ec}</UniqueIdentifier>
    </Filter>
    <Filter Include="IOCP">
      <UniqueIdentifier>{5578a5b5-a949-409d-be0b-72ad6147d5f9}</UniqueIdentifier>
    </Filter>
    <Filter Include="IOCPOverlapped">
      <UniqueIdentifier>{d1067032-1442-4f1d-9a8c-7a577b68be80}</UniqueIdentifier>
    </Filter>
    <Filter Include="Packet">
      <UniqueIdentifier>{9e8e93e2-56cf-4941-a5af-677ab1610c42}</UniqueIdentifier>
    </Filter>
    <Filter Include="Buffer">
      <UniqueIdentifier>{0ac9912d-3fa8-4c08-a330-c450b5db4d1d}</UniqueIdentifier>
    </Filter>
    <Filter Include="EventListener">
      <UniqueIdentifier>{ea21f6b0-8056-4e44-b45f-9aa1d81306b0}</UniqueIdentifier>
    </Filter>
    <Filter Include="Natvis">
      <UniqueIdentifier>{19b633a7-838c-4959-98c8-068e13bc5cd9}</UniqueIdentifier>
    </Filter>
  </ItemGroup>
  <ItemGroup>
    <Natvis Include="..\Sources\JNetwork\Natvis\Session.natvis">
      <Filter>Natvis</Filter>
    </Natvis>
    <Natvis Include="..\Sources\JNetwork\Natvis\IPEndPoint.natvis">
      <Filter>Natvis</Filter>
    </Natvis>
  </ItemGroup>
</Project>