<?xml version="1.0" encoding="utf-8"?>
<Project ToolsVersion="4.0" xmlns="http://schemas.microsoft.com/developer/msbuild/2003">
  <ItemGroup>
    <ClCompile Include="..\Sources\SteinsGate\Common\Core.cpp" />
    <ClCompile Include="..\Sources\SteinsGate\Common\AudioPlayer.cpp" />
    <ClCompile Include="..\Sources\SteinsGate\Common\NpkElement.cpp">
      <Filter>Npk</Filter>
    </ClCompile>
    <ClCompile Include="..\Sources\SteinsGate\Common\NpkElementInitilizer.cpp">
      <Filter>Npk</Filter>
    </ClCompile>
    <ClCompile Include="..\Sources\SteinsGate\Common\NpkImage.cpp">
      <Filter>Npk</Filter>
    </ClCompile>
    <ClCompile Include="..\Sources\SteinsGate\Common\NpkLinkSprite.cpp">
      <Filter>Npk</Filter>
    </ClCompile>
    <ClCompile Include="..\Sources\SteinsGate\Common\NpkLoader.cpp">
      <Filter>Npk</Filter>
    </ClCompile>
    <ClCompile Include="..\Sources\SteinsGate\Common\NpkPackage.cpp">
      <Filter>Npk</Filter>
    </ClCompile>
    <ClCompile Include="..\Sources\SteinsGate\Common\NpkSound.cpp">
      <Filter>Npk</Filter>
    </ClCompile>
    <ClCompile Include="..\Sources\SteinsGate\Common\NpkSprite.cpp">
      <Filter>Npk</Filter>
    </ClCompile>
    <ClCompile Include="..\Sources\SteinsGate\Common\SGStruct.cpp" />
    <ClCompile Include="..\Sources\SteinsGate\Common\SGCommonDataManager.cpp">
      <Filter>Data</Filter>
    </ClCompile>
    <ClCompile Include="..\Sources\SteinsGate\Common\LoggerAbstract.cpp">
      <Filter>Logger</Filter>
    </ClCompile>
    <ClCompile Include="..\Sources\SteinsGate\Common\ConsoleLogger.cpp">
      <Filter>Logger</Filter>
    </ClCompile>
    <ClCompile Include="..\Sources\SteinsGate\Common\LoggerDefine.cpp">
      <Filter>Logger</Filter>
    </ClCompile>
  </ItemGroup>
  <ItemGroup>
    <ClInclude Include="..\Sources\SteinsGate\Common\Core.h" />
    <ClInclude Include="..\Sources\SteinsGate\Common\AudioPlayer.h" />
    <ClInclude Include="..\Sources\SteinsGate\Common\NpkColorFormat.h">
      <Filter>Npk</Filter>
    </ClInclude>
    <ClInclude Include="..\Sources\SteinsGate\Common\NpkCompressMode.h">
      <Filter>Npk</Filter>
    </ClInclude>
    <ClInclude Include="..\Sources\SteinsGate\Common\NpkElement.h">
      <Filter>Npk</Filter>
    </ClInclude>
    <ClInclude Include="..\Sources\SteinsGate\Common\NpkElementInitializer.h">
      <Filter>Npk</Filter>
    </ClInclude>
    <ClInclude Include="..\Sources\SteinsGate\Common\NpkImage.h">
      <Filter>Npk</Filter>
    </ClInclude>
    <ClInclude Include="..\Sources\SteinsGate\Common\NpkLinkSprite.h">
      <Filter>Npk</Filter>
    </ClInclude>
    <ClInclude Include="..\Sources\SteinsGate\Common\NpkLoader.h">
      <Filter>Npk</Filter>
    </ClInclude>
    <ClInclude Include="..\Sources\SteinsGate\Common\NpkPackage.h">
      <Filter>Npk</Filter>
    </ClInclude>
    <ClInclude Include="..\Sources\SteinsGate\Common\NpkSound.h">
      <Filter>Npk</Filter>
    </ClInclude>
    <ClInclude Include="..\Sources\SteinsGate\Common\NpkSprite.h">
      <Filter>Npk</Filter>
    </ClInclude>
    <ClInclude Include="..\Sources\SteinsGate\Common\NpkSpriteAbstract.h">
      <Filter>Npk</Filter>
    </ClInclude>
    <ClInclude Include="..\Sources\SteinsGate\Common\NpkSpriteRect.h">
      <Filter>Npk</Filter>
    </ClInclude>
    <ClInclude Include="..\Sources\SteinsGate\Common\SGStruct.h" />
    <ClInclude Include="..\Sources\SteinsGate\Common\SGEnums.h" />
    <ClInclude Include="..\Sources\SteinsGate\Common\SGConfig.h" />
    <ClInclude Include="..\Sources\SteinsGate\Common\SGCommonDataManager.h">
      <Filter>Data</Filter>
    </ClInclude>
    <ClInclude Include="..\Sources\SteinsGate\Common\LoggerAbstract.h">
      <Filter>Logger</Filter>
    </ClInclude>
    <ClInclude Include="..\Sources\SteinsGate\Common\ConsoleLogger.h">
      <Filter>Logger</Filter>
    </ClInclude>
    <ClInclude Include="..\Sources\SteinsGate\Common\LoggerDefine.h">
      <Filter>Logger</Filter>
    </ClInclude>
  </ItemGroup>
  <ItemGroup>
    <Filter Include="Npk">
      <UniqueIdentifier>{8c39330d-5cc1-4ca6-b0dc-4fe8ee5021e7}</UniqueIdentifier>
    </Filter>
    <Filter Include="Data">
      <UniqueIdentifier>{1edcb01f-acdf-4c32-aa70-a5f17ddc8615}</UniqueIdentifier>
    </Filter>
    <Filter Include="Logger">
      <UniqueIdentifier>{fc588ce2-7aa2-4072-a3d3-aa9f737e607e}</UniqueIdentifier>
    </Filter>
  </ItemGroup>
</Project>