<?xml version="1.0" encoding="utf-8"?>
<Project ToolsVersion="4.0" xmlns="http://schemas.microsoft.com/developer/msbuild/2003">
  <ItemGroup>
    <ClInclude Include="..\Sources\jnetr_udpclient_b\Menu.h" />
    <ClInclude Include="..\Sources\jnetr_udpclient_b\Core.h" />
  </ItemGroup>
  <ItemGroup>
    <ClCompile Include="..\Sources\jnetr_udpclient_b\Core.cpp" />
    <ClCompile Include="..\Sources\jnetr_udpclient_b\main.cpp" />
    <ClCompile Include="..\Sources\jnetr_udpclient_b\Menu.cpp" />
  </ItemGroup>
</Project>