<?xml version="1.0" encoding="utf-8"?>
<Project ToolsVersion="4.0" xmlns="http://schemas.microsoft.com/developer/msbuild/2003">
  <ItemGroup>
    <Filter Include="Actor">
      <UniqueIdentifier>{29c9d34e-31c9-4a0e-a136-15bb7bcd3b91}</UniqueIdentifier>
    </Filter>
    <Filter Include="Actor\AI">
      <UniqueIdentifier>{58c37cdd-8c5f-4ed2-8017-71e576c8870c}</UniqueIdentifier>
    </Filter>
    <Filter Include="Actor\AI\Monster">
      <UniqueIdentifier>{a04a1656-fe9e-4635-b941-9c765b01f84b}</UniqueIdentifier>
    </Filter>
    <Filter Include="Data">
      <UniqueIdentifier>{c229c058-5c89-42fa-96aa-4107a44b8854}</UniqueIdentifier>
    </Filter>
    <Filter Include="Data\Client">
      <UniqueIdentifier>{1ae4d134-d671-4e48-8a61-797e06e17672}</UniqueIdentifier>
    </Filter>
    <Filter Include="Data\Projectile">
      <UniqueIdentifier>{c8ab47bd-66a6-43b5-a4a9-eb39aec47249}</UniqueIdentifier>
    </Filter>
    <Filter Include="Data\Tile">
      <UniqueIdentifier>{2f9a977b-b328-4a02-baab-7ae19e2c593a}</UniqueIdentifier>
    </Filter>
    <Filter Include="Data\Map">
      <UniqueIdentifier>{289afa04-b017-4b77-9941-fe0017a1a0ed}</UniqueIdentifier>
    </Filter>
    <Filter Include="Data\Obstacle">
      <UniqueIdentifier>{2b54d70f-de2d-4218-b6da-f13abcaa0677}</UniqueIdentifier>
    </Filter>
    <Filter Include="Data\AI">
      <UniqueIdentifier>{aa9500ff-549d-4d4e-a96c-163a6cd1ef3d}</UniqueIdentifier>
    </Filter>
    <Filter Include="Define">
      <UniqueIdentifier>{438654f5-eaff-4964-afe5-bea9e182e705}</UniqueIdentifier>
    </Filter>
    <Filter Include="Texture">
      <UniqueIdentifier>{2c7479b6-6920-4f4d-8a18-d686a3dc17b1}</UniqueIdentifier>
    </Filter>
    <Filter Include="Util">
      <UniqueIdentifier>{8999073e-667a-4980-89a7-1353515ef72b}</UniqueIdentifier>
    </Filter>
    <Filter Include="Data\AttackData">
      <UniqueIdentifier>{e39a0561-addf-41aa-89b8-849512666201}</UniqueIdentifier>
    </Filter>
    <Filter Include="Actor\Util">
      <UniqueIdentifier>{82f6b34f-ddb7-4d22-be73-14dee37a6233}</UniqueIdentifier>
    </Filter>
    <Filter Include="Actor\Listener">
      <UniqueIdentifier>{0fa2fea9-9552-4752-90b5-a9bf05025453}</UniqueIdentifier>
    </Filter>
    <Filter Include="Actor\Listener\Gunner">
      <UniqueIdentifier>{df3446cd-34aa-48ae-8424-768cb480f8e3}</UniqueIdentifier>
    </Filter>
    <Filter Include="Data\Action">
      <UniqueIdentifier>{0520369f-7e38-45ca-a074-74c59d0d3cb2}</UniqueIdentifier>
    </Filter>
    <Filter Include="Data\CharAnimation">
      <UniqueIdentifier>{ec65ec03-91ef-490c-8f38-45cecb6661cd}</UniqueIdentifier>
    </Filter>
    <Filter Include="Data\Effect">
      <UniqueIdentifier>{926d1f0b-a511-4c7f-91aa-587ab0ce672f}</UniqueIdentifier>
    </Filter>
    <Filter Include="Game">
      <UniqueIdentifier>{afcdb20a-f818-4212-9c08-704660a0e3bf}</UniqueIdentifier>
    </Filter>
    <Filter Include="Game\Scene">
      <UniqueIdentifier>{ad27e0ec-46ef-42d3-8cd8-4c190b5b8213}</UniqueIdentifier>
    </Filter>
    <Filter Include="Game\Layer">
      <UniqueIdentifier>{3d065bfc-aa30-4c21-ac0a-778e58e49571}</UniqueIdentifier>
    </Filter>
    <Filter Include="Data\UI">
      <UniqueIdentifier>{e1a5f450-8532-48da-ae6e-44f1e0253f12}</UniqueIdentifier>
    </Filter>
    <Filter Include="Game\UI">
      <UniqueIdentifier>{0d7eb5f0-5cd7-445d-825e-1d7b3e291f6f}</UniqueIdentifier>
    </Filter>
    <Filter Include="Game\UI\Group">
      <UniqueIdentifier>{1fffd7f0-6d76-4c4d-9c61-517e54eb58cd}</UniqueIdentifier>
    </Filter>
    <Filter Include="Data\Mob">
      <UniqueIdentifier>{2ba3e7ea-9add-427b-84b3-8539777e05e9}</UniqueIdentifier>
    </Filter>
    <Filter Include="Data\Char">
      <UniqueIdentifier>{775407e0-933b-4f9f-a0db-5fb53a3fe12b}</UniqueIdentifier>
    </Filter>
    <Filter Include="Action">
      <UniqueIdentifier>{4811212e-a215-4545-90b1-d42941b6c07d}</UniqueIdentifier>
    </Filter>
    <Filter Include="Action\Gunner">
      <UniqueIdentifier>{12442359-bbbd-4451-bee3-d187451dc375}</UniqueIdentifier>
    </Filter>
  </ItemGroup>
  <ItemGroup>
    <ClCompile Include="..\Classes\SteinsGate\Client\SGImagePackManager.cpp">
      <Filter>Texture</Filter>
    </ClCompile>
    <ClCompile Include="..\Classes\SteinsGate\Client\SGImagePack.cpp">
      <Filter>Texture</Filter>
    </ClCompile>
    <ClCompile Include="..\Classes\SteinsGate\Client\SGDataManager.cpp">
      <Filter>Data</Filter>
    </ClCompile>
    <ClCompile Include="..\Classes\SteinsGate\Client\SGGlobal.cpp">
      <Filter>Data</Filter>
    </ClCompile>
    <ClCompile Include="..\Classes\SteinsGate\Client\SGJsonEx.cpp">
      <Filter>Util</Filter>
    </ClCompile>
    <ClCompile Include="..\Classes\SteinsGate\Client\SGComboKeyList.cpp">
      <Filter>Action</Filter>
    </ClCompile>
    <ClCompile Include="..\Classes\SteinsGate\Client\SGActor.cpp">
      <Filter>Actor</Filter>
    </ClCompile>
    <ClCompile Include="..\Classes\SteinsGate\Client\SGCharacter.cpp">
      <Filter>Actor</Filter>
    </ClCompile>
    <ClCompile Include="..\Classes\SteinsGate\Client\SGProjectile.cpp">
      <Filter>Actor</Filter>
    </ClCompile>
    <ClCompile Include="..\Classes\SteinsGate\Client\SGMonster.cpp">
      <Filter>Actor</Filter>
    </ClCompile>
    <ClCompile Include="..\Classes\SteinsGate\Client\SGActorSprite.cpp">
      <Filter>Actor</Filter>
    </ClCompile>
    <ClCompile Include="..\Classes\SteinsGate\Client\SGActorPartSprite.cpp">
      <Filter>Actor</Filter>
    </ClCompile>
    <ClCompile Include="..\Classes\SteinsGate\Client\SGActorPartAnimation.cpp">
      <Filter>Actor</Filter>
    </ClCompile>
    <ClCompile Include="..\Classes\SteinsGate\Client\SGFrameTexture.cpp">
      <Filter>Texture</Filter>
    </ClCompile>
    <ClCompile Include="..\Classes\SteinsGate\Client\SGAction.cpp">
      <Filter>Action</Filter>
    </ClCompile>
    <ClCompile Include="..\Classes\SteinsGate\Client\SGComboTree.cpp">
      <Filter>Action</Filter>
    </ClCompile>
    <ClCompile Include="..\Classes\SteinsGate\Client\SGGunnerIdle.cpp">
      <Filter>Action\Gunner</Filter>
    </ClCompile>
    <ClCompile Include="..\Classes\SteinsGate\Client\SGGunnerJump.cpp">
      <Filter>Action\Gunner</Filter>
    </ClCompile>
    <ClCompile Include="..\Classes\SteinsGate\Client\SGGunnerRun.cpp">
      <Filter>Action\Gunner</Filter>
    </ClCompile>
    <ClCompile Include="..\Classes\SteinsGate\Client\SGGunnerSliding.cpp">
      <Filter>Action\Gunner</Filter>
    </ClCompile>
    <ClCompile Include="..\Classes\SteinsGate\Client\SGGunnerWalk.cpp">
      <Filter>Action\Gunner</Filter>
    </ClCompile>
    <ClCompile Include="..\Classes\SteinsGate\Client\SGGunnerGunShot.cpp">
      <Filter>Action\Gunner</Filter>
    </ClCompile>
    <ClCompile Include="..\Classes\SteinsGate\Client\SGCharInfoLoader.cpp">
      <Filter>Data\Char</Filter>
    </ClCompile>
    <ClCompile Include="..\Classes\SteinsGate\Client\SGClientInfoLoader.cpp">
      <Filter>Data\Client</Filter>
    </ClCompile>
    <ClCompile Include="..\Classes\SteinsGate\Client\SGMobInfoLoader.cpp">
      <Filter>Data\Mob</Filter>
    </ClCompile>
    <ClCompile Include="..\Classes\SteinsGate\Client\SGProjectileInfoLoader.cpp">
      <Filter>Data\Projectile</Filter>
    </ClCompile>
    <ClCompile Include="..\Classes\SteinsGate\Client\SGTileInfoLoader.cpp">
      <Filter>Data\Tile</Filter>
    </ClCompile>
    <ClCompile Include="..\Classes\SteinsGate\Client\SGObstacleInfoLoader.cpp">
      <Filter>Data\Obstacle</Filter>
    </ClCompile>
    <ClCompile Include="..\Classes\SteinsGate\Client\SGMapInfoLoader.cpp">
      <Filter>Data\Map</Filter>
    </ClCompile>
    <ClCompile Include="..\Classes\SteinsGate\Client\SGObstacle.cpp">
      <Filter>Actor</Filter>
    </ClCompile>
    <ClCompile Include="..\Classes\SteinsGate\Client\SGMapInfo.cpp">
      <Filter>Data\Map</Filter>
    </ClCompile>
    <ClCompile Include="..\Classes\SteinsGate\Client\SGPhysicsActor.cpp">
      <Filter>Actor</Filter>
    </ClCompile>
    <ClCompile Include="..\Classes\SteinsGate\Client\SGGunnerHit.cpp">
      <Filter>Action\Gunner</Filter>
    </ClCompile>
    <ClCompile Include="..\Classes\SteinsGate\Client\SGGunnerAction.cpp">
      <Filter>Action\Gunner</Filter>
    </ClCompile>
    <ClCompile Include="..\Classes\SteinsGate\Client\SGAIActor.cpp">
      <Filter>Actor</Filter>
    </ClCompile>
    <ClCompile Include="..\Classes\SteinsGate\Client\SGAIActivity.cpp">
      <Filter>Actor\AI</Filter>
    </ClCompile>
    <ClCompile Include="..\Classes\SteinsGate\Client\SGMonsterIdleActivity.cpp">
      <Filter>Actor\AI\Monster</Filter>
    </ClCompile>
    <ClCompile Include="..\Classes\SteinsGate\Client\SGMonsterAttackActivity.cpp">
      <Filter>Actor\AI\Monster</Filter>
    </ClCompile>
    <ClCompile Include="..\Classes\SteinsGate\Client\SGMonsterWalkActivity.cpp">
      <Filter>Actor\AI\Monster</Filter>
    </ClCompile>
    <ClCompile Include="..\Classes\SteinsGate\Client\SGMonsterHitActivity.cpp">
      <Filter>Actor\AI\Monster</Filter>
    </ClCompile>
    <ClCompile Include="..\Classes\SteinsGate\Client\SGMonsterFallDownActivity.cpp">
      <Filter>Actor\AI\Monster</Filter>
    </ClCompile>
    <ClCompile Include="..\Classes\SteinsGate\Client\SGAIInfoLoader.cpp">
      <Filter>Data\AI</Filter>
    </ClCompile>
    <ClCompile Include="..\Classes\SteinsGate\Client\SGAIInfo.cpp">
      <Filter>Data\AI</Filter>
    </ClCompile>
    <ClCompile Include="..\Classes\SteinsGate\Client\SGVec2Ex.cpp">
      <Filter>Util</Filter>
    </ClCompile>
    <ClCompile Include="..\Classes\SteinsGate\Client\AppDelegate.cpp" />
    <ClCompile Include="..\Classes\SteinsGate\Client\SGAnimationInfo.cpp">
      <Filter>Data</Filter>
    </ClCompile>
    <ClCompile Include="..\Classes\SteinsGate\Client\SGAttackDataInfoLoader.cpp">
      <Filter>Data\AttackData</Filter>
    </ClCompile>
    <ClCompile Include="..\Classes\SteinsGate\Client\SGGunnerFallDown.cpp">
      <Filter>Action\Gunner</Filter>
    </ClCompile>
    <ClCompile Include="..\Classes\SteinsGate\Client\SGStruct.cpp" />
    <ClCompile Include="..\Classes\SteinsGate\Client\SGHitRecorder.cpp">
      <Filter>Actor\Util</Filter>
    </ClCompile>
    <ClCompile Include="..\Classes\SteinsGate\Client\SGMonsterSitActivity.cpp">
      <Filter>Actor\AI\Monster</Filter>
    </ClCompile>
    <ClCompile Include="..\Classes\SteinsGate\Client\SGMonsterActivity.cpp">
      <Filter>Actor\AI\Monster</Filter>
    </ClCompile>
    <ClCompile Include="..\Classes\SteinsGate\Client\SGGunnerSitRecover.cpp">
      <Filter>Action\Gunner</Filter>
    </ClCompile>
    <ClCompile Include="..\Classes\SteinsGate\Client\SGActorListenerManager.cpp">
      <Filter>Actor\Listener</Filter>
    </ClCompile>
    <ClCompile Include="..\Classes\SteinsGate\Client\SGProjectileListener.cpp">
      <Filter>Actor\Listener</Filter>
    </ClCompile>
    <ClCompile Include="..\Classes\SteinsGate\Client\SGGunnerBulletListener.cpp">
      <Filter>Actor\Listener\Gunner</Filter>
    </ClCompile>
    <ClCompile Include="..\Classes\SteinsGate\Client\SGCharProjectileListener.cpp">
      <Filter>Actor\Listener</Filter>
    </ClCompile>
    <ClCompile Include="..\Classes\SteinsGate\Client\Tutturu.cpp" />
    <ClCompile Include="..\Classes\SteinsGate\Client\SGActionInfoLoader.cpp">
      <Filter>Data\Action</Filter>
    </ClCompile>
    <ClCompile Include="..\Classes\SteinsGate\Client\main.cpp" />
    <ClCompile Include="..\Classes\SteinsGate\Client\SGCharAnimationInfoLoader.cpp">
      <Filter>Data\CharAnimation</Filter>
    </ClCompile>
    <ClCompile Include="..\Classes\SteinsGate\Client\SGEffect.cpp">
      <Filter>Actor</Filter>
    </ClCompile>
    <ClCompile Include="..\Classes\SteinsGate\Client\SGEffectInfoLoader.cpp">
      <Filter>Data\Effect</Filter>
    </ClCompile>
    <ClCompile Include="..\Classes\SteinsGate\Client\SGProjectileInfo.cpp">
      <Filter>Data\Projectile</Filter>
    </ClCompile>
    <ClCompile Include="..\Classes\SteinsGate\Client\SGWorldScene.cpp">
      <Filter>Game</Filter>
    </ClCompile>
    <ClCompile Include="..\Classes\SteinsGate\Client\SGChannelSelectScene.cpp">
      <Filter>Game\Scene</Filter>
    </ClCompile>
    <ClCompile Include="..\Classes\SteinsGate\Client\SGLoginScene.cpp">
      <Filter>Game\Scene</Filter>
    </ClCompile>
    <ClCompile Include="..\Classes\SteinsGate\Client\SGGameScene.cpp">
      <Filter>Game\Scene</Filter>
    </ClCompile>
    <ClCompile Include="..\Classes\SteinsGate\Client\SGMapLayer.cpp">
      <Filter>Game\Layer</Filter>
    </ClCompile>
    <ClCompile Include="..\Classes\SteinsGate\Client\SGSceneBase.cpp">
      <Filter>Game</Filter>
    </ClCompile>
    <ClCompile Include="..\Classes\SteinsGate\Client\SGUILayer.cpp">
      <Filter>Game\Layer</Filter>
    </ClCompile>
    <ClCompile Include="..\Classes\SteinsGate\Client\SGUIInfoLoader.cpp">
      <Filter>Data\UI</Filter>
    </ClCompile>
    <ClCompile Include="..\Classes\SteinsGate\Client\SGActorBox.cpp">
      <Filter>Actor</Filter>
    </ClCompile>
    <ClCompile Include="..\Classes\SteinsGate\Client\SGUIGroup.cpp">
      <Filter>Game\UI</Filter>
    </ClCompile>
    <ClCompile Include="..\Classes\SteinsGate\Client\SGUIButton.cpp">
      <Filter>Game\UI</Filter>
    </ClCompile>
    <ClCompile Include="..\Classes\SteinsGate\Client\SGUIElement.cpp">
      <Filter>Game\UI</Filter>
    </ClCompile>
    <ClCompile Include="..\Classes\SteinsGate\Client\UILogin.cpp">
      <Filter>Game\UI\Group</Filter>
    </ClCompile>
    <ClCompile Include="..\Classes\SteinsGate\Client\SGUIManager.cpp">
      <Filter>Game\UI</Filter>
    </ClCompile>
    <ClCompile Include="..\Classes\SteinsGate\Client\SGUILabel.cpp">
      <Filter>Game\UI</Filter>
    </ClCompile>
    <ClCompile Include="..\Classes\SteinsGate\Client\SGUISprite.cpp">
      <Filter>Game\UI</Filter>
    </ClCompile>
    <ClCompile Include="..\Classes\SteinsGate\Client\SGFontPackage.cpp">
      <Filter>Game</Filter>
    </ClCompile>
    <ClCompile Include="..\Classes\SteinsGate\Client\GameCore.cpp">
      <Filter>Game</Filter>
    </ClCompile>
    <ClCompile Include="..\Classes\SteinsGate\Client\SGHostPlayer.cpp">
      <Filter>Actor</Filter>
    </ClCompile>
    <ClCompile Include="..\Classes\SteinsGate\Client\SGPlayer.cpp">
      <Filter>Actor</Filter>
    </ClCompile>
    <ClCompile Include="..\Classes\SteinsGate\Client\SGPlayerController.cpp">
      <Filter>Action</Filter>
    </ClCompile>
    <ClCompile Include="..\Classes\SteinsGate\Client\SGPlayerPool.cpp">
      <Filter>Action</Filter>
    </ClCompile>
    <ClCompile Include="..\Classes\SteinsGate\Client\SGActionManager.cpp">
      <Filter>Action</Filter>
    </ClCompile>
    <ClCompile Include="..\Classes\SteinsGate\Client\SGInven.cpp">
      <Filter>Game</Filter>
    </ClCompile>
    <ClCompile Include="..\Classes\SteinsGate\Client\VisualHelper.cpp">
      <Filter>Game</Filter>
    </ClCompile>
  </ItemGroup>
  <ItemGroup>
    <ClInclude Include="..\Classes\SteinsGate\Client\SGImagePackManager.h">
      <Filter>Texture</Filter>
    </ClInclude>
    <ClInclude Include="..\Classes\SteinsGate\Client\SGImagePack.h">
      <Filter>Texture</Filter>
    </ClInclude>
    <ClInclude Include="..\Classes\SteinsGate\Client\SGAnimationInfo.h">
      <Filter>Data</Filter>
    </ClInclude>
    <ClInclude Include="..\Classes\SteinsGate\Client\SGDataManager.h">
      <Filter>Data</Filter>
    </ClInclude>
    <ClInclude Include="..\Classes\SteinsGate\Client\SGGlobal.h">
      <Filter>Data</Filter>
    </ClInclude>
    <ClInclude Include="..\Classes\SteinsGate\Client\SGJsonEx.h">
      <Filter>Util</Filter>
    </ClInclude>
    <ClInclude Include="..\Classes\SteinsGate\Client\SGComboKeyList.h">
      <Filter>Action</Filter>
    </ClInclude>
    <ClInclude Include="..\Classes\SteinsGate\Client\SGActor.h">
      <Filter>Actor</Filter>
    </ClInclude>
    <ClInclude Include="..\Classes\SteinsGate\Client\SGCharacter.h">
      <Filter>Actor</Filter>
    </ClInclude>
    <ClInclude Include="..\Classes\SteinsGate\Client\SGProjectile.h">
      <Filter>Actor</Filter>
    </ClInclude>
    <ClInclude Include="..\Classes\SteinsGate\Client\SGMonster.h">
      <Filter>Actor</Filter>
    </ClInclude>
    <ClInclude Include="..\Classes\SteinsGate\Client\SGActorSprite.h">
      <Filter>Actor</Filter>
    </ClInclude>
    <ClInclude Include="..\Classes\SteinsGate\Client\SGActorPartSprite.h">
      <Filter>Actor</Filter>
    </ClInclude>
    <ClInclude Include="..\Classes\SteinsGate\Client\SGActorPartAnimation.h">
      <Filter>Actor</Filter>
    </ClInclude>
    <ClInclude Include="..\Classes\SteinsGate\Client\SGFrameTexture.h">
      <Filter>Texture</Filter>
    </ClInclude>
    <ClInclude Include="..\Classes\SteinsGate\Client\SGAction.h">
      <Filter>Action</Filter>
    </ClInclude>
    <ClInclude Include="..\Classes\SteinsGate\Client\SGComboTree.h">
      <Filter>Action</Filter>
    </ClInclude>
    <ClInclude Include="..\Classes\SteinsGate\Client\SGAnimationDefine.h">
      <Filter>Define</Filter>
    </ClInclude>
    <ClInclude Include="..\Classes\SteinsGate\Client\SGActionDefine.h">
      <Filter>Define</Filter>
    </ClInclude>
    <ClInclude Include="..\Classes\SteinsGate\Client\SGGunnerIdle.h">
      <Filter>Action\Gunner</Filter>
    </ClInclude>
    <ClInclude Include="..\Classes\SteinsGate\Client\SGGunnerGunShot.h">
      <Filter>Action\Gunner</Filter>
    </ClInclude>
    <ClInclude Include="..\Classes\SteinsGate\Client\SGGunnerJump.h">
      <Filter>Action\Gunner</Filter>
    </ClInclude>
    <ClInclude Include="..\Classes\SteinsGate\Client\SGGunnerRun.h">
      <Filter>Action\Gunner</Filter>
    </ClInclude>
    <ClInclude Include="..\Classes\SteinsGate\Client\SGGunnerSliding.h">
      <Filter>Action\Gunner</Filter>
    </ClInclude>
    <ClInclude Include="..\Classes\SteinsGate\Client\SGGunnerWalk.h">
      <Filter>Action\Gunner</Filter>
    </ClInclude>
    <ClInclude Include="..\Classes\SteinsGate\Client\SGAllActions.h">
      <Filter>Action</Filter>
    </ClInclude>
    <ClInclude Include="..\Classes\SteinsGate\Client\SGProjectileDefine.h">
      <Filter>Define</Filter>
    </ClInclude>
    <ClInclude Include="..\Classes\SteinsGate\Client\SGCharInfoLoader.h">
      <Filter>Data\Char</Filter>
    </ClInclude>
    <ClInclude Include="..\Classes\SteinsGate\Client\SGCharInfo.h">
      <Filter>Data\Char</Filter>
    </ClInclude>
    <ClInclude Include="..\Classes\SteinsGate\Client\SGClientInfoLoader.h">
      <Filter>Data\Client</Filter>
    </ClInclude>
    <ClInclude Include="..\Classes\SteinsGate\Client\SGClientInfo.h">
      <Filter>Data\Client</Filter>
    </ClInclude>
    <ClInclude Include="..\Classes\SteinsGate\Client\SGMobInfoLoader.h">
      <Filter>Data\Mob</Filter>
    </ClInclude>
    <ClInclude Include="..\Classes\SteinsGate\Client\SGMobInfo.h">
      <Filter>Data\Mob</Filter>
    </ClInclude>
    <ClInclude Include="..\Classes\SteinsGate\Client\SGProjectileInfo.h">
      <Filter>Data\Projectile</Filter>
    </ClInclude>
    <ClInclude Include="..\Classes\SteinsGate\Client\SGProjectileInfoLoader.h">
      <Filter>Data\Projectile</Filter>
    </ClInclude>
    <ClInclude Include="..\Classes\SteinsGate\Client\SGTileInfoLoader.h">
      <Filter>Data\Tile</Filter>
    </ClInclude>
    <ClInclude Include="..\Classes\SteinsGate\Client\SGTileInfo.h">
      <Filter>Data\Tile</Filter>
    </ClInclude>
    <ClInclude Include="..\Classes\SteinsGate\Client\SGObstacleInfoLoader.h">
      <Filter>Data\Obstacle</Filter>
    </ClInclude>
    <ClInclude Include="..\Classes\SteinsGate\Client\SGObstacleInfo.h">
      <Filter>Data\Obstacle</Filter>
    </ClInclude>
    <ClInclude Include="..\Classes\SteinsGate\Client\SGMapInfo.h">
      <Filter>Data\Map</Filter>
    </ClInclude>
    <ClInclude Include="..\Classes\SteinsGate\Client\SGMapInfoLoader.h">
      <Filter>Data\Map</Filter>
    </ClInclude>
    <ClInclude Include="..\Classes\SteinsGate\Client\SGObstacle.h">
      <Filter>Actor</Filter>
    </ClInclude>
    <ClInclude Include="..\Classes\SteinsGate\Client\SGPhysicsActor.h">
      <Filter>Actor</Filter>
    </ClInclude>
    <ClInclude Include="..\Classes\SteinsGate\Client\SGGunnerHit.h">
      <Filter>Action\Gunner</Filter>
    </ClInclude>
    <ClInclude Include="..\Classes\SteinsGate\Client\SGGunnerAction.h">
      <Filter>Action\Gunner</Filter>
    </ClInclude>
    <ClInclude Include="..\Classes\SteinsGate\Client\SGAIActor.h">
      <Filter>Actor</Filter>
    </ClInclude>
    <ClInclude Include="..\Classes\SteinsGate\Client\SGAIActivity.h">
      <Filter>Actor\AI</Filter>
    </ClInclude>
    <ClInclude Include="..\Classes\SteinsGate\Client\SGMonsterIdleActivity.h">
      <Filter>Actor\AI\Monster</Filter>
    </ClInclude>
    <ClInclude Include="..\Classes\SteinsGate\Client\SGMonsterAttackActivity.h">
      <Filter>Actor\AI\Monster</Filter>
    </ClInclude>
    <ClInclude Include="..\Classes\SteinsGate\Client\SGMonsterWalkActivity.h">
      <Filter>Actor\AI\Monster</Filter>
    </ClInclude>
    <ClInclude Include="..\Classes\SteinsGate\Client\SGMonsterHitActivity.h">
      <Filter>Actor\AI\Monster</Filter>
    </ClInclude>
    <ClInclude Include="..\Classes\SteinsGate\Client\SGMonsterFallDownActivity.h">
      <Filter>Actor\AI\Monster</Filter>
    </ClInclude>
    <ClInclude Include="..\Classes\SteinsGate\Client\SGAIInfo.h">
      <Filter>Data\AI</Filter>
    </ClInclude>
    <ClInclude Include="..\Classes\SteinsGate\Client\SGAIInfoLoader.h">
      <Filter>Data\AI</Filter>
    </ClInclude>
    <ClInclude Include="..\Classes\SteinsGate\Client\SGVec2Ex.h">
      <Filter>Util</Filter>
    </ClInclude>
    <ClInclude Include="..\Classes\SteinsGate\Client\AppDelegate.h" />
    <ClInclude Include="..\Classes\SteinsGate\Client\SGStruct.h" />
    <ClInclude Include="..\Classes\SteinsGate\Client\Tutturu.h" />
    <ClInclude Include="..\Classes\SteinsGate\Client\SGAttackDataInfoLoader.h">
      <Filter>Data\AttackData</Filter>
    </ClInclude>
    <ClInclude Include="..\Classes\SteinsGate\Client\SGAttackDataInfo.h">
      <Filter>Data\AttackData</Filter>
    </ClInclude>
    <ClInclude Include="..\Classes\SteinsGate\Client\SGGunnerFallDown.h">
      <Filter>Action\Gunner</Filter>
    </ClInclude>
    <ClInclude Include="..\Classes\SteinsGate\Client\SGHitRecorder.h">
      <Filter>Actor\Util</Filter>
    </ClInclude>
    <ClInclude Include="..\Classes\SteinsGate\Client\SGMonsterSitActivity.h">
      <Filter>Actor\AI\Monster</Filter>
    </ClInclude>
    <ClInclude Include="..\Classes\SteinsGate\Client\SGMonsterActivity.h">
      <Filter>Actor\AI\Monster</Filter>
    </ClInclude>
    <ClInclude Include="..\Classes\SteinsGate\Client\SGGunnerSitRecover.h">
      <Filter>Action\Gunner</Filter>
    </ClInclude>
    <ClInclude Include="..\Classes\SteinsGate\Client\SGProjectileListener.h">
      <Filter>Actor\Listener</Filter>
    </ClInclude>
    <ClInclude Include="..\Classes\SteinsGate\Client\SGActorListenerDefine.h">
      <Filter>Define</Filter>
    </ClInclude>
    <ClInclude Include="..\Classes\SteinsGate\Client\SGActorListenerManager.h">
      <Filter>Actor\Listener</Filter>
    </ClInclude>
    <ClInclude Include="..\Classes\SteinsGate\Client\SGActorListener.h">
      <Filter>Actor\Listener</Filter>
    </ClInclude>
    <ClInclude Include="..\Classes\SteinsGate\Client\SGAllActorListener.h">
      <Filter>Actor\Listener</Filter>
    </ClInclude>
    <ClInclude Include="..\Classes\SteinsGate\Client\SGGunnerBulletListener.h">
      <Filter>Actor\Listener\Gunner</Filter>
    </ClInclude>
    <ClInclude Include="..\Classes\SteinsGate\Client\SGCharProjectileListener.h">
      <Filter>Actor\Listener</Filter>
    </ClInclude>
    <ClInclude Include="..\Classes\SteinsGate\Client\SGConfig.h" />
    <ClInclude Include="..\Classes\SteinsGate\Client\SGActionInfo.h">
      <Filter>Data\Action</Filter>
    </ClInclude>
    <ClInclude Include="..\Classes\SteinsGate\Client\SGActionInfoLoader.h">
      <Filter>Data\Action</Filter>
    </ClInclude>
    <ClInclude Include="..\Classes\SteinsGate\Client\SGCharAnimationInfoLoader.h">
      <Filter>Data\CharAnimation</Filter>
    </ClInclude>
    <ClInclude Include="..\Classes\SteinsGate\Client\SGEffect.h">
      <Filter>Actor</Filter>
    </ClInclude>
    <ClInclude Include="..\Classes\SteinsGate\Client\SGEffectDefine.h">
      <Filter>Define</Filter>
    </ClInclude>
    <ClInclude Include="..\Classes\SteinsGate\Client\SGEffectInfo.h">
      <Filter>Data\Effect</Filter>
    </ClInclude>
    <ClInclude Include="..\Classes\SteinsGate\Client\SGEffectInfoLoader.h">
      <Filter>Data\Effect</Filter>
    </ClInclude>
    <ClInclude Include="..\Classes\SteinsGate\Client\SGWorldScene.h">
      <Filter>Game</Filter>
    </ClInclude>
    <ClInclude Include="..\Classes\SteinsGate\Client\SGSceneBase.h">
      <Filter>Game</Filter>
    </ClInclude>
    <ClInclude Include="..\Classes\SteinsGate\Client\SGChannelSelectScene.h">
      <Filter>Game\Scene</Filter>
    </ClInclude>
    <ClInclude Include="..\Classes\SteinsGate\Client\SGLoginScene.h">
      <Filter>Game\Scene</Filter>
    </ClInclude>
    <ClInclude Include="..\Classes\SteinsGate\Client\SGGameScene.h">
      <Filter>Game\Scene</Filter>
    </ClInclude>
    <ClInclude Include="..\Classes\SteinsGate\Client\SGMapLayer.h">
      <Filter>Game\Layer</Filter>
    </ClInclude>
    <ClInclude Include="..\Classes\SteinsGate\Client\SGUILayer.h">
      <Filter>Game\Layer</Filter>
    </ClInclude>
    <ClInclude Include="..\Classes\SteinsGate\Client\SGUIInfo.h">
      <Filter>Data\UI</Filter>
    </ClInclude>
    <ClInclude Include="..\Classes\SteinsGate\Client\SGUIInfoLoader.h">
      <Filter>Data\UI</Filter>
    </ClInclude>
    <ClInclude Include="..\Classes\SteinsGate\Client\SGUIManager.h">
      <Filter>Game\UI</Filter>
    </ClInclude>
    <ClInclude Include="..\Classes\SteinsGate\Client\SGUIElement.h">
      <Filter>Game\UI</Filter>
    </ClInclude>
    <ClInclude Include="..\Classes\SteinsGate\Client\SGActorBox.h">
      <Filter>Actor</Filter>
    </ClInclude>
    <ClInclude Include="..\Classes\SteinsGate\Client\SGUIButton.h">
      <Filter>Game\UI</Filter>
    </ClInclude>
    <ClInclude Include="..\Classes\SteinsGate\Client\SGUIGroup.h">
      <Filter>Game\UI</Filter>
    </ClInclude>
    <ClInclude Include="..\Classes\SteinsGate\Client\UILogin.h">
      <Filter>Game\UI\Group</Filter>
    </ClInclude>
    <ClInclude Include="..\Classes\SteinsGate\Client\SGUIDefine.h">
      <Filter>Define</Filter>
    </ClInclude>
    <ClInclude Include="..\Classes\SteinsGate\Client\SGUILabel.h">
      <Filter>Game\UI</Filter>
    </ClInclude>
    <ClInclude Include="..\Classes\SteinsGate\Client\SGUISprite.h">
      <Filter>Game\UI</Filter>
    </ClInclude>
    <ClInclude Include="..\Classes\SteinsGate\Client\SGFontPackage.h">
      <Filter>Game</Filter>
    </ClInclude>
    <ClInclude Include="..\Classes\SteinsGate\Client\GameCore.h">
      <Filter>Game</Filter>
    </ClInclude>
    <ClInclude Include="..\Classes\SteinsGate\Client\SGPlayer.h">
      <Filter>Actor</Filter>
    </ClInclude>
    <ClInclude Include="..\Classes\SteinsGate\Client\SGHostPlayer.h">
      <Filter>Actor</Filter>
    </ClInclude>
    <ClInclude Include="..\Classes\SteinsGate\Client\SGPlayerPool.h">
      <Filter>Action</Filter>
    </ClInclude>
    <ClInclude Include="..\Classes\SteinsGate\Client\SGActionManager.h">
      <Filter>Action</Filter>
    </ClInclude>
    <ClInclude Include="..\Classes\SteinsGate\Client\SGPlayerController.h">
      <Filter>Action</Filter>
    </ClInclude>
    <ClInclude Include="..\Classes\SteinsGate\Client\SGInven.h">
      <Filter>Game</Filter>
    </ClInclude>
    <ClInclude Include="..\Classes\SteinsGate\Client\GameCoreHeader.h">
      <Filter>Game</Filter>
    </ClInclude>
    <ClInclude Include="..\Classes\SteinsGate\Client\VisualHelper.h">
      <Filter>Game</Filter>
    </ClInclude>
    <ClInclude Include="..\Classes\SteinsGate\Client\PackHelper.h">
      <Filter>Texture</Filter>
    </ClInclude>
  </ItemGroup>
</Project>