<?xml version="1.0" encoding="utf-8"?>
<Project ToolsVersion="4.0" xmlns="http://schemas.microsoft.com/developer/msbuild/2003">
  <ItemGroup>
    <ClCompile Include="..\Classes\TF\Client\Pch.cpp" />
    <ClCompile Include="..\Classes\TF\Client\AppDelegate.cpp" />
    <ClCompile Include="..\Classes\TF\Client\main.cpp" />
    <ClCompile Include="..\Classes\TF\Client\Net\Listener\L_GAME.cpp">
      <Filter>Net\Listener</Filter>
    </ClCompile>
    <ClCompile Include="..\Classes\TF\Client\Net\Connection\C_GAME.cpp">
      <Filter>Net\Connection</Filter>
    </ClCompile>
    <ClCompile Include="..\Classes\TF\Client\Net\NetCore.cpp">
      <Filter>Net</Filter>
    </ClCompile>
    <ClCompile Include="..\Classes\TF\Client\Net\Host\GameClient.cpp">
      <Filter>Net\Host</Filter>
    </ClCompile>
    <ClCompile Include="..\Classes\TF\Client\Game\Scene\LoginScene.cpp">
      <Filter>Game\Scene</Filter>
    </ClCompile>
    <ClCompile Include="..\Classes\TF\Client\Game\Scene\BaseScene.cpp">
      <Filter>Game\Scene</Filter>
    </ClCompile>
    <ClCompile Include="..\Classes\TF\Client\Game\Layer\GridLayer.cpp">
      <Filter>Game\Layer</Filter>
    </ClCompile>
    <ClCompile Include="..\Classes\TF\Client\Const.cpp" />
    <ClCompile Include="..\Classes\TF\Client\Util\Color.cpp">
      <Filter>Util</Filter>
    </ClCompile>
    <ClCompile Include="..\Classes\TF\Client\Game\UI\PopUp.cpp">
      <Filter>Game\UI</Filter>
    </ClCompile>
    <ClCompile Include="..\Classes\TF\Client\Game\UI\TextButton.cpp">
      <Filter>Game\UI</Filter>
    </ClCompile>
    <ClCompile Include="..\Classes\TF\Client\Game\UI\ChatBox.cpp">
      <Filter>Game\UI</Filter>
    </ClCompile>
    <ClCompile Include="..\Classes\TF\Client\Game\UI\ColoredListView.cpp">
      <Filter>Game\UI</Filter>
    </ClCompile>
    <ClCompile Include="..\Classes\TF\Client\Net\Send\S_GAME.cpp">
      <Filter>Net\Send</Filter>
    </ClCompile>
    <ClCompile Include="..\Classes\TF\Client\Net\Recv\R_GAME.cpp">
      <Filter>Net\Recv</Filter>
    </ClCompile>
    <ClCompile Include="..\Classes\TF\Client\Game\Scene\ChannelScene.cpp">
      <Filter>Game\Scene</Filter>
    </ClCompile>
    <ClCompile Include="..\Classes\TF\Client\Game\Scene\CharacterSelectScene.cpp">
      <Filter>Game\Scene</Filter>
    </ClCompile>
    <ClCompile Include="..\Classes\TF\Client\Game\Scene\LobbyScene.cpp">
      <Filter>Game\Scene</Filter>
    </ClCompile>
    <ClCompile Include="..\Classes\TF\Client\Game\Scene\RoomScene.cpp">
      <Filter>Game\Scene</Filter>
    </ClCompile>
    <ClCompile Include="..\Classes\TF\Client\Game\Contents\Room.cpp">
      <Filter>Game\Contents</Filter>
    </ClCompile>
    <ClCompile Include="..\Classes\TF\Client\Game\Scene\BattleFieldScene.cpp">
      <Filter>Game\Scene</Filter>
    </ClCompile>
    <ClCompile Include="..\Classes\TF\Client\Game\Contents\Tank.cpp">
      <Filter>Game\Contents</Filter>
    </ClCompile>
    <ClCompile Include="..\Classes\TF\Client\Game\Contents\Bullet.cpp">
      <Filter>Game\Contents</Filter>
    </ClCompile>
    <ClCompile Include="..\Classes\TF\Client\Game\Contents\BattleField.cpp">
      <Filter>Game\Contents</Filter>
    </ClCompile>
  </ItemGroup>
  <ItemGroup>
    <ClInclude Include="..\Classes\TF\Client\Pch.h" />
    <ClInclude Include="..\Classes\TF\Client\AppDelegate.h" />
    <ClInclude Include="..\Classes\TF\Client\Net\Listener\L_GAME.h">
      <Filter>Net\Listener</Filter>
    </ClInclude>
    <ClInclude Include="..\Classes\TF\Client\Net\Connection\C_GAME.h">
      <Filter>Net\Connection</Filter>
    </ClInclude>
    <ClInclude Include="..\Classes\TF\Client\Net\NetCore.h">
      <Filter>Net</Filter>
    </ClInclude>
    <ClInclude Include="..\Classes\TF\Client\TypeDef.h" />
    <ClInclude Include="..\Classes\TF\Client\Net\Host\GameClient.h">
      <Filter>Net\Host</Filter>
    </ClInclude>
    <ClInclude Include="..\Classes\TF\Client\Game\Scene\LoginScene.h">
      <Filter>Game\Scene</Filter>
    </ClInclude>
    <ClInclude Include="..\Classes\TF\Client\Game\Scene\BaseScene.h">
      <Filter>Game\Scene</Filter>
    </ClInclude>
    <ClInclude Include="..\Classes\TF\Client\Game\Layer\GridLayer.h">
      <Filter>Game\Layer</Filter>
    </ClInclude>
    <ClInclude Include="..\Classes\TF\Client\Const.h" />
    <ClInclude Include="..\Classes\TF\Client\Util\Color.h">
      <Filter>Util</Filter>
    </ClInclude>
    <ClInclude Include="..\Classes\TF\Client\Game\UI\PopUp.h">
      <Filter>Game\UI</Filter>
    </ClInclude>
    <ClInclude Include="..\Classes\TF\Client\Game\UI\TextButton.h">
      <Filter>Game\UI</Filter>
    </ClInclude>
    <ClInclude Include="..\Classes\TF\Client\Game\UI\ChatBox.h">
      <Filter>Game\UI</Filter>
    </ClInclude>
    <ClInclude Include="..\Classes\TF\Client\Game\UI\ColoredListView.h">
      <Filter>Game\UI</Filter>
    </ClInclude>
    <ClInclude Include="..\Classes\TF\Client\GameCoreHeader.h" />
    <ClInclude Include="..\Classes\TF\Client\Net\Send\S_GAME.h">
      <Filter>Net\Send</Filter>
    </ClInclude>
    <ClInclude Include="..\Classes\TF\Client\Net\Recv\R_GAME.h">
      <Filter>Net\Recv</Filter>
    </ClInclude>
    <ClInclude Include="..\Classes\TF\Client\Game\Scene\ChannelScene.h">
      <Filter>Game\Scene</Filter>
    </ClInclude>
    <ClInclude Include="..\Classes\TF\Client\Game\Scene\CharacterSelectScene.h">
      <Filter>Game\Scene</Filter>
    </ClInclude>
    <ClInclude Include="..\Classes\TF\Client\Game\Scene\LobbyScene.h">
      <Filter>Game\Scene</Filter>
    </ClInclude>
    <ClInclude Include="..\Classes\TF\Client\Game\Scene\RoomScene.h">
      <Filter>Game\Scene</Filter>
    </ClInclude>
    <ClInclude Include="..\Classes\TF\Client\Game\Contents\Room.h">
      <Filter>Game\Contents</Filter>
    </ClInclude>
    <ClInclude Include="..\Classes\TF\Client\Game\Scene\BattleFieldScene.h">
      <Filter>Game\Scene</Filter>
    </ClInclude>
    <ClInclude Include="..\Classes\TF\Client\Game\Contents\Tank.h">
      <Filter>Game\Contents</Filter>
    </ClInclude>
    <ClInclude Include="..\Classes\TF\Client\Game\Contents\Bullet.h">
      <Filter>Game\Contents</Filter>
    </ClInclude>
    <ClInclude Include="..\Classes\TF\Client\Game\Contents\BattleField.h">
      <Filter>Game\Contents</Filter>
    </ClInclude>
  </ItemGroup>
  <ItemGroup>
    <Filter Include="Net">
      <UniqueIdentifier>{13d93dce-bc45-4821-8927-19dc9fffcb6b}</UniqueIdentifier>
    </Filter>
    <Filter Include="Game">
      <UniqueIdentifier>{d1938415-9277-4f94-897b-1c42355df026}</UniqueIdentifier>
    </Filter>
    <Filter Include="Util">
      <UniqueIdentifier>{78b0b6da-25e0-4cb5-b7c6-208c61a5d48a}</UniqueIdentifier>
    </Filter>
    <Filter Include="Game\Scene">
      <UniqueIdentifier>{e14b586f-d8d0-44fd-a459-08b75e530ab7}</UniqueIdentifier>
    </Filter>
    <Filter Include="Net\Listener">
      <UniqueIdentifier>{615e4b71-b4c6-46c7-8305-214739b7a906}</UniqueIdentifier>
    </Filter>
    <Filter Include="Net\Send">
      <UniqueIdentifier>{098c2bed-c65a-4607-8522-330cc28ae412}</UniqueIdentifier>
    </Filter>
    <Filter Include="Net\Recv">
      <UniqueIdentifier>{b28b6744-bbaf-4ca9-bcfe-e8a4509a1970}</UniqueIdentifier>
    </Filter>
    <Filter Include="Net\Connection">
      <UniqueIdentifier>{13a2760a-2ec2-487e-801e-88a16f26629a}</UniqueIdentifier>
    </Filter>
    <Filter Include="Game\UI">
      <UniqueIdentifier>{cc7b59b5-6da5-4440-990b-93a14520cf50}</UniqueIdentifier>
    </Filter>
    <Filter Include="Net\Host">
      <UniqueIdentifier>{f256700f-65dd-4f6c-a078-032cdfa151ef}</UniqueIdentifier>
    </Filter>
    <Filter Include="Game\Layer">
      <UniqueIdentifier>{9b52248e-e5dd-4e40-a753-86578ab15025}</UniqueIdentifier>
    </Filter>
    <Filter Include="Game\Contents">
      <UniqueIdentifier>{d961a3b0-92ee-480c-8b2c-ab678f600925}</UniqueIdentifier>
    </Filter>
  </ItemGroup>
</Project>