<?xml version="1.0" encoding="utf-8"?>
<Project ToolsVersion="4.0" xmlns="http://schemas.microsoft.com/developer/msbuild/2003">
  <ItemGroup>
    <ClCompile Include="..\Sources\TF\Server\main.cpp" />
    <ClCompile Include="..\Sources\TF\Server\Pch.cpp" />
  </ItemGroup>
  <ItemGroup>
    <ClInclude Include="..\Sources\TF\Server\Pch.h" />
  </ItemGroup>
</Project>