<?xml version="1.0" encoding="utf-8"?>
<Project ToolsVersion="4.0" xmlns="http://schemas.microsoft.com/developer/msbuild/2003">
  <ItemGroup>
    <Filter Include="Container">
      <UniqueIdentifier>{308c2458-ce51-462e-8870-446b4f833f96}</UniqueIdentifier>
    </Filter>
  </ItemGroup>
  <ItemGroup>
    <ClCompile Include="..\Sources\JCore\Core.cpp" />
    <ClCompile Include="..\Sources\JCore\Random.cpp" />
    <ClCompile Include="..\Sources\JCore\Memory.cpp" />
    <ClCompile Include="..\Sources\JCore\String.cpp" />
    <ClCompile Include="..\Sources\JCore\StringUtil.cpp" />
    <ClCompile Include="..\Sources\JCore\TypeTraits.cpp" />
    <ClCompile Include="..\Sources\JCore\Time.cpp" />
  </ItemGroup>
  <ItemGroup>
    <ClInclude Include="..\Sources\JCore\Core.h" />
    <ClInclude Include="..\Sources\JCore\Type.h" />
    <ClInclude Include="..\Sources\JCore\TypeTraits.h" />
    <ClInclude Include="..\Sources\JCore\Random.h" />
    <ClInclude Include="..\Sources\JCore\Tuple.h" />
    <ClInclude Include="..\Sources\JCore\Math.h" />
    <ClInclude Include="..\Sources\JCore\String.h" />
    <ClInclude Include="..\Sources\JCore\StringUtil.h" />
    <ClInclude Include="..\Sources\JCore\Container\Arrays.h">
      <Filter>Container</Filter>
    </ClInclude>
    <ClInclude Include="..\Sources\JCore\Memory.h" />
    <ClInclude Include="..\Sources\JCore\Limit.h" />
    <ClInclude Include="..\Sources\JCore\Hasher.h" />
    <ClInclude Include="..\Sources\JCore\Time.h" />
    <ClInclude Include="..\Sources\JCore\StaticString.h" />
    <ClInclude Include="..\Sources\JCore\Comparator.h" />
    <ClInclude Include="..\Sources\JCore\Ascii.h" />
    <ClInclude Include="..\Sources\JCore\Exception.h" />
    <ClInclude Include="..\Sources\JCore\SmartPointer.h" />
    <ClInclude Include="..\Sources\JCore\Allocator.h" />
    <ClInclude Include="..\Sources\JCore\Deletor.h" />
    <ClInclude Include="..\Sources\JCore\PointerObserver.h" />
    <ClInclude Include="..\Sources\JCore\AutoObject.h" />
  </ItemGroup>
</Project>