<?xml version="1.0" encoding="utf-8"?>
<Project ToolsVersion="4.0" xmlns="http://schemas.microsoft.com/developer/msbuild/2003">
  <ItemGroup>
    <ClCompile Include="..\Sources\SteinsGate\Server\main.cpp" />
    <ClCompile Include="..\Sources\SteinsGate\Server\GameCore.cpp" />
    <ClCompile Include="..\Sources\SteinsGate\Server\DataManager.cpp" />
    <ClCompile Include="..\Sources\SteinsGate\Server\Game.cpp" />
    <ClCompile Include="..\Sources\SteinsGate\Server\ListenerInterServerClientTcp.cpp">
      <Filter>Listener</Filter>
    </ClCompile>
    <ClCompile Include="..\Sources\SteinsGate\Server\ListenerLogicServer.cpp">
      <Filter>Listener</Filter>
    </ClCompile>
    <ClCompile Include="..\Sources\SteinsGate\Server\ListenerInterServerClientUdp.cpp">
      <Filter>Listener</Filter>
    </ClCompile>
    <ClCompile Include="..\Sources\SteinsGate\Server\R_INTERSERVER.cpp">
      <Filter>Recv</Filter>
    </ClCompile>
    <ClCompile Include="..\Sources\SteinsGate\Server\S_INTERSERVER.cpp">
      <Filter>Send</Filter>
    </ClCompile>
    <ClCompile Include="..\Sources\SteinsGate\Server\R_LOGIC.cpp">
      <Filter>Recv</Filter>
    </ClCompile>
    <ClCompile Include="..\Sources\SteinsGate\Server\S_LOGIC.cpp">
      <Filter>Send</Filter>
    </ClCompile>
    <ClCompile Include="..\Sources\SteinsGate\Server\GameContents.cpp">
      <Filter>Contents</Filter>
    </ClCompile>
    <ClCompile Include="..\Sources\SteinsGate\Server\GameInterServerClientNetGroup.cpp" />
    <ClCompile Include="..\Sources\SteinsGate\Server\GameNetGroup.cpp" />
    <ClCompile Include="..\Sources\SteinsGate\Server\GameNetMaster.cpp" />
    <ClCompile Include="..\Sources\SteinsGate\Server\LogicServer.cpp" />
    <ClCompile Include="..\Sources\SteinsGate\Server\LogicSession.cpp" />
    <ClCompile Include="..\Sources\SteinsGate\Server\Q_CHAR.cpp">
      <Filter>Query</Filter>
    </ClCompile>
  </ItemGroup>
  <ItemGroup>
    <ClInclude Include="..\Sources\SteinsGate\Server\GameCoreHeader.h" />
    <ClInclude Include="..\Sources\SteinsGate\Server\GameCore.h" />
    <ClInclude Include="..\Sources\SteinsGate\Server\DataManager.h" />
    <ClInclude Include="..\Sources\SteinsGate\Server\Game.h" />
    <ClInclude Include="..\Sources\SteinsGate\Server\R_LOGIC.h">
      <Filter>Recv</Filter>
    </ClInclude>
    <ClInclude Include="..\Sources\SteinsGate\Server\R_INTERSERVER.h">
      <Filter>Recv</Filter>
    </ClInclude>
    <ClInclude Include="..\Sources\SteinsGate\Server\ListenerInterServerClientTcp.h">
      <Filter>Listener</Filter>
    </ClInclude>
    <ClInclude Include="..\Sources\SteinsGate\Server\ListenerLogicServer.h">
      <Filter>Listener</Filter>
    </ClInclude>
    <ClInclude Include="..\Sources\SteinsGate\Server\ListenerInterServerClientUdp.h">
      <Filter>Listener</Filter>
    </ClInclude>
    <ClInclude Include="..\Sources\SteinsGate\Server\S_INTERSERVER.h">
      <Filter>Send</Filter>
    </ClInclude>
    <ClInclude Include="..\Sources\SteinsGate\Server\S_LOGIC.h">
      <Filter>Send</Filter>
    </ClInclude>
    <ClInclude Include="..\Sources\SteinsGate\Server\GameContents.h">
      <Filter>Contents</Filter>
    </ClInclude>
    <ClInclude Include="..\Sources\SteinsGate\Server\GameInterServerClientNetGroup.h" />
    <ClInclude Include="..\Sources\SteinsGate\Server\GameNetGroup.h" />
    <ClInclude Include="..\Sources\SteinsGate\Server\LogicServer.h" />
    <ClInclude Include="..\Sources\SteinsGate\Server\GameNetMaster.h" />
    <ClInclude Include="..\Sources\SteinsGate\Server\LogicSession.h" />
    <ClInclude Include="..\Sources\SteinsGate\Server\Q_CHAR.h">
      <Filter>Query</Filter>
    </ClInclude>
  </ItemGroup>
  <ItemGroup>
    <Filter Include="Recv">
      <UniqueIdentifier>{775bf26d-5d03-472e-892e-6fb4ea8d4ca5}</UniqueIdentifier>
    </Filter>
    <Filter Include="Send">
      <UniqueIdentifier>{b14ebb94-abc9-4678-83bf-ecef8247cc36}</UniqueIdentifier>
    </Filter>
    <Filter Include="Listener">
      <UniqueIdentifier>{a9efac3b-967a-4517-90db-7dbafbee409d}</UniqueIdentifier>
    </Filter>
    <Filter Include="Query">
      <UniqueIdentifier>{48b1d56e-da03-4184-9565-ead55f0a7a31}</UniqueIdentifier>
    </Filter>
    <Filter Include="Contents">
      <UniqueIdentifier>{fe79c973-98af-462a-a693-69f34dcce325}</UniqueIdentifier>
    </Filter>
  </ItemGroup>
</Project>